// !$*UTF8*$!
{
	archiveVersion = 1;
	classes = {
	};
	objectVersion = 46;
	objects = {

/* Begin PBXBuildFile section */
		0F8F016776681D468C0D0949 /* audio.c in Sources */ = {isa = PBXBuildFile; fileRef = 34FC4C582EA5ED68F36013CD /* audio.c */; };
		21A059755481CC0BF969FD2D /* keep_alive.c in Sources */ = {isa = PBXBuildFile; fileRef = A3528DDFF05B00283552455D /* keep_alive.c */; };
		255A7B680DC81E543C875794 /* usb_libusb10.c in Sources */ = {isa = PBXBuildFile; fileRef = 28F9707464BA3FF98E05096C /* usb_libusb10.c */; };
		2F43B5B21C18CFD9004CD1DB /* Background.cpp in Sources */ = {isa = PBXBuildFile; fileRef = 2F43B5B01C18CFD9004CD1DB /* Background.cpp */; };
		2F43B5B51C18CFE0004CD1DB /* IceCreamLevel.cpp in Sources */ = {isa = PBXBuildFile; fileRef = 2F43B5B31C18CFE0004CD1DB /* IceCreamLevel.cpp */; };
		2F43B5BA1C18CFE6004CD1DB /* Toppings.cpp in Sources */ = {isa = PBXBuildFile; fileRef = 2F43B5B61C18CFE6004CD1DB /* Toppings.cpp */; };
		2F43B5BB1C18CFE6004CD1DB /* UI.cpp in Sources */ = {isa = PBXBuildFile; fileRef = 2F43B5B81C18CFE6004CD1DB /* UI.cpp */; };
		2FEE2B6F1C18E13C00B95FB8 /* Tongue.cpp in Sources */ = {isa = PBXBuildFile; fileRef = 2FEE2B6D1C18E13C00B95FB8 /* Tongue.cpp */; };
		2FEE2C541C18EE2000B95FB8 /* ofxCvColorImage.cpp in Sources */ = {isa = PBXBuildFile; fileRef = 2FEE2B751C18EE2000B95FB8 /* ofxCvColorImage.cpp */; };
		2FEE2C551C18EE2000B95FB8 /* ofxCvContourFinder.cpp in Sources */ = {isa = PBXBuildFile; fileRef = 2FEE2B781C18EE2000B95FB8 /* ofxCvContourFinder.cpp */; };
		2FEE2C561C18EE2000B95FB8 /* ofxCvFloatImage.cpp in Sources */ = {isa = PBXBuildFile; fileRef = 2FEE2B7A1C18EE2000B95FB8 /* ofxCvFloatImage.cpp */; };
		2FEE2C571C18EE2000B95FB8 /* ofxCvGrayscaleImage.cpp in Sources */ = {isa = PBXBuildFile; fileRef = 2FEE2B7C1C18EE2000B95FB8 /* ofxCvGrayscaleImage.cpp */; };
		2FEE2C581C18EE2000B95FB8 /* ofxCvHaarFinder.cpp in Sources */ = {isa = PBXBuildFile; fileRef = 2FEE2B7E1C18EE2000B95FB8 /* ofxCvHaarFinder.cpp */; };
		2FEE2C591C18EE2000B95FB8 /* ofxCvImage.cpp in Sources */ = {isa = PBXBuildFile; fileRef = 2FEE2B801C18EE2000B95FB8 /* ofxCvImage.cpp */; };
		2FEE2C5A1C18EE2000B95FB8 /* ofxCvShortImage.cpp in Sources */ = {isa = PBXBuildFile; fileRef = 2FEE2B821C18EE2000B95FB8 /* ofxCvShortImage.cpp */; };
		2FEE2C5B1C18EE2000B95FB8 /* opencv.a in Frameworks */ = {isa = PBXBuildFile; fileRef = 2FEE2C511C18EE2000B95FB8 /* opencv.a */; };
		49BEEB2DFA5319D55AA6899F /* tilt.c in Sources */ = {isa = PBXBuildFile; fileRef = BF2F2AA872288D30F53983EF /* tilt.c */; };
		686B0DF6249B52E1A85B39EC /* ofxKinect.cpp in Sources */ = {isa = PBXBuildFile; fileRef = 7ED9FFC7D08DA194C2CE7D09 /* ofxKinect.cpp */; };
		7ADB04AF67C568EAFAEBA546 /* ofxKinectExtras.cpp in Sources */ = {isa = PBXBuildFile; fileRef = 01438542609FC64F1EC60EEB /* ofxKinectExtras.cpp */; };
		ACE7DC9A3223ED5EE1B80074 /* cameras.c in Sources */ = {isa = PBXBuildFile; fileRef = 3DBD37876A11E46E4D7069B3 /* cameras.c */; };
		D31F5C1B140C59B2AF1533A8 /* registration.c in Sources */ = {isa = PBXBuildFile; fileRef = 71958293AC5292DE4B7C619D /* registration.c */; };
		E4328149138ABC9F0047C5CB /* openFrameworksDebug.a in Frameworks */ = {isa = PBXBuildFile; fileRef = E4328148138ABC890047C5CB /* openFrameworksDebug.a */; };
		E4B69E200A3A1BDC003C02F2 /* main.cpp in Sources */ = {isa = PBXBuildFile; fileRef = E4B69E1D0A3A1BDC003C02F2 /* main.cpp */; };
		E4B69E210A3A1BDC003C02F2 /* ofApp.cpp in Sources */ = {isa = PBXBuildFile; fileRef = E4B69E1E0A3A1BDC003C02F2 /* ofApp.cpp */; };
		E55DEEF784A10419E444669E /* flags.c in Sources */ = {isa = PBXBuildFile; fileRef = 682082DEC78C75C8FB18B7DB /* flags.c */; };
		F4135EEFC911E9ED211FB6F9 /* core.c in Sources */ = {isa = PBXBuildFile; fileRef = CF528C0E8DBFF5C31E8D6529 /* core.c */; };
		FCC16AB16073FF0581F50ED7 /* loader.c in Sources */ = {isa = PBXBuildFile; fileRef = FE25F20F363BC625B852BFBC /* loader.c */; };
/* End PBXBuildFile section */

/* Begin PBXContainerItemProxy section */
		E4328147138ABC890047C5CB /* PBXContainerItemProxy */ = {
			isa = PBXContainerItemProxy;
			containerPortal = E4328143138ABC890047C5CB /* openFrameworksLib.xcodeproj */;
			proxyType = 2;
			remoteGlobalIDString = E4B27C1510CBEB8E00536013;
			remoteInfo = openFrameworks;
		};
		E4EEB9AB138B136A00A80321 /* PBXContainerItemProxy */ = {
			isa = PBXContainerItemProxy;
			containerPortal = E4328143138ABC890047C5CB /* openFrameworksLib.xcodeproj */;
			proxyType = 1;
			remoteGlobalIDString = E4B27C1410CBEB8E00536013;
			remoteInfo = openFrameworks;
		};
/* End PBXContainerItemProxy section */

/* Begin PBXCopyFilesBuildPhase section */
		E4C2427710CC5ABF004149E2 /* CopyFiles */ = {
			isa = PBXCopyFilesBuildPhase;
			buildActionMask = 2147483647;
			dstPath = "";
			dstSubfolderSpec = 10;
			files = (
			);
			runOnlyForDeploymentPostprocessing = 0;
		};
/* End PBXCopyFilesBuildPhase section */

/* Begin PBXFileReference section */
		01438542609FC64F1EC60EEB /* ofxKinectExtras.cpp */ = {isa = PBXFileReference; explicitFileType = sourcecode.cpp.cpp; fileEncoding = 30; name = ofxKinectExtras.cpp; path = ../../../addons/ofxKinect/src/extra/ofxKinectExtras.cpp; sourceTree = SOURCE_ROOT; };
		03A9E977F3814A55A4FA3B4E /* ofxKinectExtras.h */ = {isa = PBXFileReference; explicitFileType = sourcecode.c.h; fileEncoding = 30; name = ofxKinectExtras.h; path = ../../../addons/ofxKinect/src/extra/ofxKinectExtras.h; sourceTree = SOURCE_ROOT; };
		093C9EBFCAB5D2649ACF4D0C /* loader.h */ = {isa = PBXFileReference; explicitFileType = sourcecode.c.h; fileEncoding = 30; name = loader.h; path = ../../../addons/ofxKinect/libs/libfreenect/src/loader.h; sourceTree = SOURCE_ROOT; };
		241AAF7769D555E4ECD57E17 /* cameras.h */ = {isa = PBXFileReference; explicitFileType = sourcecode.c.h; fileEncoding = 30; name = cameras.h; path = ../../../addons/ofxKinect/libs/libfreenect/src/cameras.h; sourceTree = SOURCE_ROOT; };
		28F9707464BA3FF98E05096C /* usb_libusb10.c */ = {isa = PBXFileReference; explicitFileType = sourcecode.c.c; fileEncoding = 30; name = usb_libusb10.c; path = ../../../addons/ofxKinect/libs/libfreenect/src/usb_libusb10.c; sourceTree = SOURCE_ROOT; };
		2F43B5B01C18CFD9004CD1DB /* Background.cpp */ = {isa = PBXFileReference; fileEncoding = 4; lastKnownFileType = sourcecode.cpp.cpp; path = Background.cpp; sourceTree = "<group>"; };
		2F43B5B11C18CFD9004CD1DB /* Background.h */ = {isa = PBXFileReference; fileEncoding = 4; lastKnownFileType = sourcecode.c.h; path = Background.h; sourceTree = "<group>"; };
		2F43B5B31C18CFE0004CD1DB /* IceCreamLevel.cpp */ = {isa = PBXFileReference; fileEncoding = 4; lastKnownFileType = sourcecode.cpp.cpp; path = IceCreamLevel.cpp; sourceTree = "<group>"; };
		2F43B5B41C18CFE0004CD1DB /* IceCreamLevel.h */ = {isa = PBXFileReference; fileEncoding = 4; lastKnownFileType = sourcecode.c.h; path = IceCreamLevel.h; sourceTree = "<group>"; };
		2F43B5B61C18CFE6004CD1DB /* Toppings.cpp */ = {isa = PBXFileReference; fileEncoding = 4; lastKnownFileType = sourcecode.cpp.cpp; path = Toppings.cpp; sourceTree = "<group>"; };
		2F43B5B71C18CFE6004CD1DB /* Toppings.h */ = {isa = PBXFileReference; fileEncoding = 4; lastKnownFileType = sourcecode.c.h; path = Toppings.h; sourceTree = "<group>"; };
		2F43B5B81C18CFE6004CD1DB /* UI.cpp */ = {isa = PBXFileReference; fileEncoding = 4; lastKnownFileType = sourcecode.cpp.cpp; path = UI.cpp; sourceTree = "<group>"; };
		2F43B5B91C18CFE6004CD1DB /* UI.h */ = {isa = PBXFileReference; fileEncoding = 4; lastKnownFileType = sourcecode.c.h; path = UI.h; sourceTree = "<group>"; };
		2FEE2B6D1C18E13C00B95FB8 /* Tongue.cpp */ = {isa = PBXFileReference; fileEncoding = 4; lastKnownFileType = sourcecode.cpp.cpp; path = Tongue.cpp; sourceTree = "<group>"; };
		2FEE2B6E1C18E13C00B95FB8 /* Tongue.hpp */ = {isa = PBXFileReference; fileEncoding = 4; lastKnownFileType = sourcecode.cpp.h; path = Tongue.hpp; sourceTree = "<group>"; };
		2FEE2B741C18EE2000B95FB8 /* ofxCvBlob.h */ = {isa = PBXFileReference; lastKnownFileType = sourcecode.c.h; path = ofxCvBlob.h; sourceTree = "<group>"; };
		2FEE2B751C18EE2000B95FB8 /* ofxCvColorImage.cpp */ = {isa = PBXFileReference; lastKnownFileType = sourcecode.cpp.cpp; path = ofxCvColorImage.cpp; sourceTree = "<group>"; };
		2FEE2B761C18EE2000B95FB8 /* ofxCvColorImage.h */ = {isa = PBXFileReference; lastKnownFileType = sourcecode.c.h; path = ofxCvColorImage.h; sourceTree = "<group>"; };
		2FEE2B771C18EE2000B95FB8 /* ofxCvConstants.h */ = {isa = PBXFileReference; lastKnownFileType = sourcecode.c.h; path = ofxCvConstants.h; sourceTree = "<group>"; };
		2FEE2B781C18EE2000B95FB8 /* ofxCvContourFinder.cpp */ = {isa = PBXFileReference; lastKnownFileType = sourcecode.cpp.cpp; path = ofxCvContourFinder.cpp; sourceTree = "<group>"; };
		2FEE2B791C18EE2000B95FB8 /* ofxCvContourFinder.h */ = {isa = PBXFileReference; lastKnownFileType = sourcecode.c.h; path = ofxCvContourFinder.h; sourceTree = "<group>"; };
		2FEE2B7A1C18EE2000B95FB8 /* ofxCvFloatImage.cpp */ = {isa = PBXFileReference; lastKnownFileType = sourcecode.cpp.cpp; path = ofxCvFloatImage.cpp; sourceTree = "<group>"; };
		2FEE2B7B1C18EE2000B95FB8 /* ofxCvFloatImage.h */ = {isa = PBXFileReference; lastKnownFileType = sourcecode.c.h; path = ofxCvFloatImage.h; sourceTree = "<group>"; };
		2FEE2B7C1C18EE2000B95FB8 /* ofxCvGrayscaleImage.cpp */ = {isa = PBXFileReference; lastKnownFileType = sourcecode.cpp.cpp; path = ofxCvGrayscaleImage.cpp; sourceTree = "<group>"; };
		2FEE2B7D1C18EE2000B95FB8 /* ofxCvGrayscaleImage.h */ = {isa = PBXFileReference; lastKnownFileType = sourcecode.c.h; path = ofxCvGrayscaleImage.h; sourceTree = "<group>"; };
		2FEE2B7E1C18EE2000B95FB8 /* ofxCvHaarFinder.cpp */ = {isa = PBXFileReference; lastKnownFileType = sourcecode.cpp.cpp; path = ofxCvHaarFinder.cpp; sourceTree = "<group>"; };
		2FEE2B7F1C18EE2000B95FB8 /* ofxCvHaarFinder.h */ = {isa = PBXFileReference; lastKnownFileType = sourcecode.c.h; path = ofxCvHaarFinder.h; sourceTree = "<group>"; };
		2FEE2B801C18EE2000B95FB8 /* ofxCvImage.cpp */ = {isa = PBXFileReference; lastKnownFileType = sourcecode.cpp.cpp; path = ofxCvImage.cpp; sourceTree = "<group>"; };
		2FEE2B811C18EE2000B95FB8 /* ofxCvImage.h */ = {isa = PBXFileReference; lastKnownFileType = sourcecode.c.h; path = ofxCvImage.h; sourceTree = "<group>"; };
		2FEE2B821C18EE2000B95FB8 /* ofxCvShortImage.cpp */ = {isa = PBXFileReference; lastKnownFileType = sourcecode.cpp.cpp; path = ofxCvShortImage.cpp; sourceTree = "<group>"; };
		2FEE2B831C18EE2000B95FB8 /* ofxCvShortImage.h */ = {isa = PBXFileReference; lastKnownFileType = sourcecode.c.h; path = ofxCvShortImage.h; sourceTree = "<group>"; };
		2FEE2B841C18EE2000B95FB8 /* ofxOpenCv.h */ = {isa = PBXFileReference; lastKnownFileType = sourcecode.c.h; path = ofxOpenCv.h; sourceTree = "<group>"; };
		2FEE2B891C18EE2000B95FB8 /* cv.h */ = {isa = PBXFileReference; lastKnownFileType = sourcecode.c.h; path = cv.h; sourceTree = "<group>"; };
		2FEE2B8A1C18EE2000B95FB8 /* cv.hpp */ = {isa = PBXFileReference; lastKnownFileType = sourcecode.cpp.h; path = cv.hpp; sourceTree = "<group>"; };
		2FEE2B8B1C18EE2000B95FB8 /* cvaux.h */ = {isa = PBXFileReference; lastKnownFileType = sourcecode.c.h; path = cvaux.h; sourceTree = "<group>"; };
		2FEE2B8C1C18EE2000B95FB8 /* cvaux.hpp */ = {isa = PBXFileReference; lastKnownFileType = sourcecode.cpp.h; path = cvaux.hpp; sourceTree = "<group>"; };
		2FEE2B8D1C18EE2000B95FB8 /* cvwimage.h */ = {isa = PBXFileReference; lastKnownFileType = sourcecode.c.h; path = cvwimage.h; sourceTree = "<group>"; };
		2FEE2B8E1C18EE2000B95FB8 /* cxcore.h */ = {isa = PBXFileReference; lastKnownFileType = sourcecode.c.h; path = cxcore.h; sourceTree = "<group>"; };
		2FEE2B8F1C18EE2000B95FB8 /* cxcore.hpp */ = {isa = PBXFileReference; lastKnownFileType = sourcecode.cpp.h; path = cxcore.hpp; sourceTree = "<group>"; };
		2FEE2B901C18EE2000B95FB8 /* cxeigen.hpp */ = {isa = PBXFileReference; lastKnownFileType = sourcecode.cpp.h; path = cxeigen.hpp; sourceTree = "<group>"; };
		2FEE2B911C18EE2000B95FB8 /* cxmisc.h */ = {isa = PBXFileReference; lastKnownFileType = sourcecode.c.h; path = cxmisc.h; sourceTree = "<group>"; };
		2FEE2B921C18EE2000B95FB8 /* highgui.h */ = {isa = PBXFileReference; lastKnownFileType = sourcecode.c.h; path = highgui.h; sourceTree = "<group>"; };
		2FEE2B931C18EE2000B95FB8 /* ml.h */ = {isa = PBXFileReference; lastKnownFileType = sourcecode.c.h; path = ml.h; sourceTree = "<group>"; };
		2FEE2B961C18EE2000B95FB8 /* calib3d.hpp */ = {isa = PBXFileReference; lastKnownFileType = sourcecode.cpp.h; path = calib3d.hpp; sourceTree = "<group>"; };
		2FEE2B981C18EE2000B95FB8 /* contrib.hpp */ = {isa = PBXFileReference; lastKnownFileType = sourcecode.cpp.h; path = contrib.hpp; sourceTree = "<group>"; };
		2FEE2B991C18EE2000B95FB8 /* detection_based_tracker.hpp */ = {isa = PBXFileReference; lastKnownFileType = sourcecode.cpp.h; path = detection_based_tracker.hpp; sourceTree = "<group>"; };
		2FEE2B9A1C18EE2000B95FB8 /* hybridtracker.hpp */ = {isa = PBXFileReference; lastKnownFileType = sourcecode.cpp.h; path = hybridtracker.hpp; sourceTree = "<group>"; };
		2FEE2B9B1C18EE2000B95FB8 /* openfabmap.hpp */ = {isa = PBXFileReference; lastKnownFileType = sourcecode.cpp.h; path = openfabmap.hpp; sourceTree = "<group>"; };
		2FEE2B9C1C18EE2000B95FB8 /* retina.hpp */ = {isa = PBXFileReference; lastKnownFileType = sourcecode.cpp.h; path = retina.hpp; sourceTree = "<group>"; };
		2FEE2B9E1C18EE2000B95FB8 /* affine.hpp */ = {isa = PBXFileReference; lastKnownFileType = sourcecode.cpp.h; path = affine.hpp; sourceTree = "<group>"; };
		2FEE2B9F1C18EE2000B95FB8 /* core.hpp */ = {isa = PBXFileReference; lastKnownFileType = sourcecode.cpp.h; path = core.hpp; sourceTree = "<group>"; };
		2FEE2BA01C18EE2000B95FB8 /* core_c.h */ = {isa = PBXFileReference; lastKnownFileType = sourcecode.c.h; path = core_c.h; sourceTree = "<group>"; };
		2FEE2BA11C18EE2000B95FB8 /* cuda_devptrs.hpp */ = {isa = PBXFileReference; lastKnownFileType = sourcecode.cpp.h; path = cuda_devptrs.hpp; sourceTree = "<group>"; };
		2FEE2BA21C18EE2000B95FB8 /* devmem2d.hpp */ = {isa = PBXFileReference; lastKnownFileType = sourcecode.cpp.h; path = devmem2d.hpp; sourceTree = "<group>"; };
		2FEE2BA31C18EE2000B95FB8 /* eigen.hpp */ = {isa = PBXFileReference; lastKnownFileType = sourcecode.cpp.h; path = eigen.hpp; sourceTree = "<group>"; };
		2FEE2BA41C18EE2000B95FB8 /* gpumat.hpp */ = {isa = PBXFileReference; lastKnownFileType = sourcecode.cpp.h; path = gpumat.hpp; sourceTree = "<group>"; };
		2FEE2BA51C18EE2000B95FB8 /* internal.hpp */ = {isa = PBXFileReference; lastKnownFileType = sourcecode.cpp.h; path = internal.hpp; sourceTree = "<group>"; };
		2FEE2BA61C18EE2000B95FB8 /* mat.hpp */ = {isa = PBXFileReference; lastKnownFileType = sourcecode.cpp.h; path = mat.hpp; sourceTree = "<group>"; };
		2FEE2BA71C18EE2000B95FB8 /* opengl_interop.hpp */ = {isa = PBXFileReference; lastKnownFileType = sourcecode.cpp.h; path = opengl_interop.hpp; sourceTree = "<group>"; };
		2FEE2BA81C18EE2000B95FB8 /* opengl_interop_deprecated.hpp */ = {isa = PBXFileReference; lastKnownFileType = sourcecode.cpp.h; path = opengl_interop_deprecated.hpp; sourceTree = "<group>"; };
		2FEE2BA91C18EE2000B95FB8 /* operations.hpp */ = {isa = PBXFileReference; lastKnownFileType = sourcecode.cpp.h; path = operations.hpp; sourceTree = "<group>"; };
		2FEE2BAA1C18EE2000B95FB8 /* types_c.h */ = {isa = PBXFileReference; lastKnownFileType = sourcecode.c.h; path = types_c.h; sourceTree = "<group>"; };
		2FEE2BAB1C18EE2000B95FB8 /* version.hpp */ = {isa = PBXFileReference; lastKnownFileType = sourcecode.cpp.h; path = version.hpp; sourceTree = "<group>"; };
		2FEE2BAC1C18EE2000B95FB8 /* wimage.hpp */ = {isa = PBXFileReference; lastKnownFileType = sourcecode.cpp.h; path = wimage.hpp; sourceTree = "<group>"; };
		2FEE2BAE1C18EE2000B95FB8 /* features2d.hpp */ = {isa = PBXFileReference; lastKnownFileType = sourcecode.cpp.h; path = features2d.hpp; sourceTree = "<group>"; };
		2FEE2BB01C18EE2000B95FB8 /* all_indices.h */ = {isa = PBXFileReference; lastKnownFileType = sourcecode.c.h; path = all_indices.h; sourceTree = "<group>"; };
		2FEE2BB11C18EE2000B95FB8 /* allocator.h */ = {isa = PBXFileReference; lastKnownFileType = sourcecode.c.h; path = allocator.h; sourceTree = "<group>"; };
		2FEE2BB21C18EE2000B95FB8 /* any.h */ = {isa = PBXFileReference; lastKnownFileType = sourcecode.c.h; path = any.h; sourceTree = "<group>"; };
		2FEE2BB31C18EE2000B95FB8 /* autotuned_index.h */ = {isa = PBXFileReference; lastKnownFileType = sourcecode.c.h; path = autotuned_index.h; sourceTree = "<group>"; };
		2FEE2BB41C18EE2000B95FB8 /* composite_index.h */ = {isa = PBXFileReference; lastKnownFileType = sourcecode.c.h; path = composite_index.h; sourceTree = "<group>"; };
		2FEE2BB51C18EE2000B95FB8 /* config.h */ = {isa = PBXFileReference; lastKnownFileType = sourcecode.c.h; path = config.h; sourceTree = "<group>"; };
		2FEE2BB61C18EE2000B95FB8 /* defines.h */ = {isa = PBXFileReference; lastKnownFileType = sourcecode.c.h; path = defines.h; sourceTree = "<group>"; };
		2FEE2BB71C18EE2000B95FB8 /* dist.h */ = {isa = PBXFileReference; lastKnownFileType = sourcecode.c.h; path = dist.h; sourceTree = "<group>"; };
		2FEE2BB81C18EE2000B95FB8 /* dummy.h */ = {isa = PBXFileReference; lastKnownFileType = sourcecode.c.h; path = dummy.h; sourceTree = "<group>"; };
		2FEE2BB91C18EE2000B95FB8 /* dynamic_bitset.h */ = {isa = PBXFileReference; lastKnownFileType = sourcecode.c.h; path = dynamic_bitset.h; sourceTree = "<group>"; };
		2FEE2BBA1C18EE2000B95FB8 /* flann.hpp */ = {isa = PBXFileReference; lastKnownFileType = sourcecode.cpp.h; path = flann.hpp; sourceTree = "<group>"; };
		2FEE2BBB1C18EE2000B95FB8 /* flann_base.hpp */ = {isa = PBXFileReference; lastKnownFileType = sourcecode.cpp.h; path = flann_base.hpp; sourceTree = "<group>"; };
		2FEE2BBC1C18EE2000B95FB8 /* general.h */ = {isa = PBXFileReference; lastKnownFileType = sourcecode.c.h; path = general.h; sourceTree = "<group>"; };
		2FEE2BBD1C18EE2000B95FB8 /* ground_truth.h */ = {isa = PBXFileReference; lastKnownFileType = sourcecode.c.h; path = ground_truth.h; sourceTree = "<group>"; };
		2FEE2BBE1C18EE2000B95FB8 /* hdf5.h */ = {isa = PBXFileReference; lastKnownFileType = sourcecode.c.h; path = hdf5.h; sourceTree = "<group>"; };
		2FEE2BBF1C18EE2000B95FB8 /* heap.h */ = {isa = PBXFileReference; lastKnownFileType = sourcecode.c.h; path = heap.h; sourceTree = "<group>"; };
		2FEE2BC01C18EE2000B95FB8 /* hierarchical_clustering_index.h */ = {isa = PBXFileReference; lastKnownFileType = sourcecode.c.h; path = hierarchical_clustering_index.h; sourceTree = "<group>"; };
		2FEE2BC11C18EE2000B95FB8 /* index_testing.h */ = {isa = PBXFileReference; lastKnownFileType = sourcecode.c.h; path = index_testing.h; sourceTree = "<group>"; };
		2FEE2BC21C18EE2000B95FB8 /* kdtree_index.h */ = {isa = PBXFileReference; lastKnownFileType = sourcecode.c.h; path = kdtree_index.h; sourceTree = "<group>"; };
		2FEE2BC31C18EE2000B95FB8 /* kdtree_single_index.h */ = {isa = PBXFileReference; lastKnownFileType = sourcecode.c.h; path = kdtree_single_index.h; sourceTree = "<group>"; };
		2FEE2BC41C18EE2000B95FB8 /* kmeans_index.h */ = {isa = PBXFileReference; lastKnownFileType = sourcecode.c.h; path = kmeans_index.h; sourceTree = "<group>"; };
		2FEE2BC51C18EE2000B95FB8 /* linear_index.h */ = {isa = PBXFileReference; lastKnownFileType = sourcecode.c.h; path = linear_index.h; sourceTree = "<group>"; };
		2FEE2BC61C18EE2000B95FB8 /* logger.h */ = {isa = PBXFileReference; lastKnownFileType = sourcecode.c.h; path = logger.h; sourceTree = "<group>"; };
		2FEE2BC71C18EE2000B95FB8 /* lsh_index.h */ = {isa = PBXFileReference; lastKnownFileType = sourcecode.c.h; path = lsh_index.h; sourceTree = "<group>"; };
		2FEE2BC81C18EE2000B95FB8 /* lsh_table.h */ = {isa = PBXFileReference; lastKnownFileType = sourcecode.c.h; path = lsh_table.h; sourceTree = "<group>"; };
		2FEE2BC91C18EE2000B95FB8 /* matrix.h */ = {isa = PBXFileReference; lastKnownFileType = sourcecode.c.h; path = matrix.h; sourceTree = "<group>"; };
		2FEE2BCA1C18EE2000B95FB8 /* miniflann.hpp */ = {isa = PBXFileReference; lastKnownFileType = sourcecode.cpp.h; path = miniflann.hpp; sourceTree = "<group>"; };
		2FEE2BCB1C18EE2000B95FB8 /* nn_index.h */ = {isa = PBXFileReference; lastKnownFileType = sourcecode.c.h; path = nn_index.h; sourceTree = "<group>"; };
		2FEE2BCC1C18EE2000B95FB8 /* object_factory.h */ = {isa = PBXFileReference; lastKnownFileType = sourcecode.c.h; path = object_factory.h; sourceTree = "<group>"; };
		2FEE2BCD1C18EE2000B95FB8 /* params.h */ = {isa = PBXFileReference; lastKnownFileType = sourcecode.c.h; path = params.h; sourceTree = "<group>"; };
		2FEE2BCE1C18EE2000B95FB8 /* random.h */ = {isa = PBXFileReference; lastKnownFileType = sourcecode.c.h; path = random.h; sourceTree = "<group>"; };
		2FEE2BCF1C18EE2000B95FB8 /* result_set.h */ = {isa = PBXFileReference; lastKnownFileType = sourcecode.c.h; path = result_set.h; sourceTree = "<group>"; };
		2FEE2BD01C18EE2000B95FB8 /* sampling.h */ = {isa = PBXFileReference; lastKnownFileType = sourcecode.c.h; path = sampling.h; sourceTree = "<group>"; };
		2FEE2BD11C18EE2000B95FB8 /* saving.h */ = {isa = PBXFileReference; lastKnownFileType = sourcecode.c.h; path = saving.h; sourceTree = "<group>"; };
		2FEE2BD21C18EE2000B95FB8 /* simplex_downhill.h */ = {isa = PBXFileReference; lastKnownFileType = sourcecode.c.h; path = simplex_downhill.h; sourceTree = "<group>"; };
		2FEE2BD31C18EE2000B95FB8 /* timer.h */ = {isa = PBXFileReference; lastKnownFileType = sourcecode.c.h; path = timer.h; sourceTree = "<group>"; };
		2FEE2BD61C18EE2000B95FB8 /* block.hpp */ = {isa = PBXFileReference; lastKnownFileType = sourcecode.cpp.h; path = block.hpp; sourceTree = "<group>"; };
		2FEE2BD71C18EE2000B95FB8 /* border_interpolate.hpp */ = {isa = PBXFileReference; lastKnownFileType = sourcecode.cpp.h; path = border_interpolate.hpp; sourceTree = "<group>"; };
		2FEE2BD81C18EE2000B95FB8 /* color.hpp */ = {isa = PBXFileReference; lastKnownFileType = sourcecode.cpp.h; path = color.hpp; sourceTree = "<group>"; };
		2FEE2BD91C18EE2000B95FB8 /* common.hpp */ = {isa = PBXFileReference; lastKnownFileType = sourcecode.cpp.h; path = common.hpp; sourceTree = "<group>"; };
		2FEE2BDA1C18EE2000B95FB8 /* datamov_utils.hpp */ = {isa = PBXFileReference; lastKnownFileType = sourcecode.cpp.h; path = datamov_utils.hpp; sourceTree = "<group>"; };
		2FEE2BDC1C18EE2000B95FB8 /* color_detail.hpp */ = {isa = PBXFileReference; lastKnownFileType = sourcecode.cpp.h; path = color_detail.hpp; sourceTree = "<group>"; };
		2FEE2BDD1C18EE2000B95FB8 /* reduce.hpp */ = {isa = PBXFileReference; lastKnownFileType = sourcecode.cpp.h; path = reduce.hpp; sourceTree = "<group>"; };
		2FEE2BDE1C18EE2000B95FB8 /* reduce_key_val.hpp */ = {isa = PBXFileReference; lastKnownFileType = sourcecode.cpp.h; path = reduce_key_val.hpp; sourceTree = "<group>"; };
		2FEE2BDF1C18EE2000B95FB8 /* transform_detail.hpp */ = {isa = PBXFileReference; lastKnownFileType = sourcecode.cpp.h; path = transform_detail.hpp; sourceTree = "<group>"; };
		2FEE2BE01C18EE2000B95FB8 /* type_traits_detail.hpp */ = {isa = PBXFileReference; lastKnownFileType = sourcecode.cpp.h; path = type_traits_detail.hpp; sourceTree = "<group>"; };
		2FEE2BE11C18EE2000B95FB8 /* vec_distance_detail.hpp */ = {isa = PBXFileReference; lastKnownFileType = sourcecode.cpp.h; path = vec_distance_detail.hpp; sourceTree = "<group>"; };
		2FEE2BE21C18EE2000B95FB8 /* dynamic_smem.hpp */ = {isa = PBXFileReference; lastKnownFileType = sourcecode.cpp.h; path = dynamic_smem.hpp; sourceTree = "<group>"; };
		2FEE2BE31C18EE2000B95FB8 /* emulation.hpp */ = {isa = PBXFileReference; lastKnownFileType = sourcecode.cpp.h; path = emulation.hpp; sourceTree = "<group>"; };
		2FEE2BE41C18EE2000B95FB8 /* filters.hpp */ = {isa = PBXFileReference; lastKnownFileType = sourcecode.cpp.h; path = filters.hpp; sourceTree = "<group>"; };
		2FEE2BE51C18EE2000B95FB8 /* funcattrib.hpp */ = {isa = PBXFileReference; lastKnownFileType = sourcecode.cpp.h; path = funcattrib.hpp; sourceTree = "<group>"; };
		2FEE2BE61C18EE2000B95FB8 /* functional.hpp */ = {isa = PBXFileReference; lastKnownFileType = sourcecode.cpp.h; path = functional.hpp; sourceTree = "<group>"; };
		2FEE2BE71C18EE2000B95FB8 /* limits.hpp */ = {isa = PBXFileReference; lastKnownFileType = sourcecode.cpp.h; path = limits.hpp; sourceTree = "<group>"; };
		2FEE2BE81C18EE2000B95FB8 /* reduce.hpp */ = {isa = PBXFileReference; lastKnownFileType = sourcecode.cpp.h; path = reduce.hpp; sourceTree = "<group>"; };
		2FEE2BE91C18EE2000B95FB8 /* saturate_cast.hpp */ = {isa = PBXFileReference; lastKnownFileType = sourcecode.cpp.h; path = saturate_cast.hpp; sourceTree = "<group>"; };
		2FEE2BEA1C18EE2000B95FB8 /* scan.hpp */ = {isa = PBXFileReference; lastKnownFileType = sourcecode.cpp.h; path = scan.hpp; sourceTree = "<group>"; };
		2FEE2BEB1C18EE2000B95FB8 /* simd_functions.hpp */ = {isa = PBXFileReference; lastKnownFileType = sourcecode.cpp.h; path = simd_functions.hpp; sourceTree = "<group>"; };
		2FEE2BEC1C18EE2000B95FB8 /* static_check.hpp */ = {isa = PBXFileReference; lastKnownFileType = sourcecode.cpp.h; path = static_check.hpp; sourceTree = "<group>"; };
		2FEE2BED1C18EE2000B95FB8 /* transform.hpp */ = {isa = PBXFileReference; lastKnownFileType = sourcecode.cpp.h; path = transform.hpp; sourceTree = "<group>"; };
		2FEE2BEE1C18EE2000B95FB8 /* type_traits.hpp */ = {isa = PBXFileReference; lastKnownFileType = sourcecode.cpp.h; path = type_traits.hpp; sourceTree = "<group>"; };
		2FEE2BEF1C18EE2000B95FB8 /* utility.hpp */ = {isa = PBXFileReference; lastKnownFileType = sourcecode.cpp.h; path = utility.hpp; sourceTree = "<group>"; };
		2FEE2BF01C18EE2000B95FB8 /* vec_distance.hpp */ = {isa = PBXFileReference; lastKnownFileType = sourcecode.cpp.h; path = vec_distance.hpp; sourceTree = "<group>"; };
		2FEE2BF11C18EE2000B95FB8 /* vec_math.hpp */ = {isa = PBXFileReference; lastKnownFileType = sourcecode.cpp.h; path = vec_math.hpp; sourceTree = "<group>"; };
		2FEE2BF21C18EE2000B95FB8 /* vec_traits.hpp */ = {isa = PBXFileReference; lastKnownFileType = sourcecode.cpp.h; path = vec_traits.hpp; sourceTree = "<group>"; };
		2FEE2BF31C18EE2000B95FB8 /* warp.hpp */ = {isa = PBXFileReference; lastKnownFileType = sourcecode.cpp.h; path = warp.hpp; sourceTree = "<group>"; };
		2FEE2BF41C18EE2000B95FB8 /* warp_reduce.hpp */ = {isa = PBXFileReference; lastKnownFileType = sourcecode.cpp.h; path = warp_reduce.hpp; sourceTree = "<group>"; };
		2FEE2BF51C18EE2000B95FB8 /* warp_shuffle.hpp */ = {isa = PBXFileReference; lastKnownFileType = sourcecode.cpp.h; path = warp_shuffle.hpp; sourceTree = "<group>"; };
		2FEE2BF61C18EE2000B95FB8 /* devmem2d.hpp */ = {isa = PBXFileReference; lastKnownFileType = sourcecode.cpp.h; path = devmem2d.hpp; sourceTree = "<group>"; };
		2FEE2BF71C18EE2000B95FB8 /* gpu.hpp */ = {isa = PBXFileReference; lastKnownFileType = sourcecode.cpp.h; path = gpu.hpp; sourceTree = "<group>"; };
		2FEE2BF81C18EE2000B95FB8 /* gpumat.hpp */ = {isa = PBXFileReference; lastKnownFileType = sourcecode.cpp.h; path = gpumat.hpp; sourceTree = "<group>"; };
		2FEE2BF91C18EE2000B95FB8 /* stream_accessor.hpp */ = {isa = PBXFileReference; lastKnownFileType = sourcecode.cpp.h; path = stream_accessor.hpp; sourceTree = "<group>"; };
		2FEE2BFB1C18EE2000B95FB8 /* cap_ios.h */ = {isa = PBXFileReference; lastKnownFileType = sourcecode.c.h; path = cap_ios.h; sourceTree = "<group>"; };
		2FEE2BFC1C18EE2000B95FB8 /* highgui.hpp */ = {isa = PBXFileReference; lastKnownFileType = sourcecode.cpp.h; path = highgui.hpp; sourceTree = "<group>"; };
		2FEE2BFD1C18EE2000B95FB8 /* highgui_c.h */ = {isa = PBXFileReference; lastKnownFileType = sourcecode.c.h; path = highgui_c.h; sourceTree = "<group>"; };
		2FEE2BFE1C18EE2000B95FB8 /* ios.h */ = {isa = PBXFileReference; lastKnownFileType = sourcecode.c.h; path = ios.h; sourceTree = "<group>"; };
		2FEE2C001C18EE2000B95FB8 /* imgproc.hpp */ = {isa = PBXFileReference; lastKnownFileType = sourcecode.cpp.h; path = imgproc.hpp; sourceTree = "<group>"; };
		2FEE2C011C18EE2000B95FB8 /* imgproc_c.h */ = {isa = PBXFileReference; lastKnownFileType = sourcecode.c.h; path = imgproc_c.h; sourceTree = "<group>"; };
		2FEE2C021C18EE2000B95FB8 /* types_c.h */ = {isa = PBXFileReference; lastKnownFileType = sourcecode.c.h; path = types_c.h; sourceTree = "<group>"; };
		2FEE2C041C18EE2000B95FB8 /* blobtrack.hpp */ = {isa = PBXFileReference; lastKnownFileType = sourcecode.cpp.h; path = blobtrack.hpp; sourceTree = "<group>"; };
		2FEE2C051C18EE2000B95FB8 /* compat.hpp */ = {isa = PBXFileReference; lastKnownFileType = sourcecode.cpp.h; path = compat.hpp; sourceTree = "<group>"; };
		2FEE2C061C18EE2000B95FB8 /* legacy.hpp */ = {isa = PBXFileReference; lastKnownFileType = sourcecode.cpp.h; path = legacy.hpp; sourceTree = "<group>"; };
		2FEE2C071C18EE2000B95FB8 /* streams.hpp */ = {isa = PBXFileReference; lastKnownFileType = sourcecode.cpp.h; path = streams.hpp; sourceTree = "<group>"; };
		2FEE2C091C18EE2000B95FB8 /* ml.hpp */ = {isa = PBXFileReference; lastKnownFileType = sourcecode.cpp.h; path = ml.hpp; sourceTree = "<group>"; };
		2FEE2C0B1C18EE2000B95FB8 /* features2d.hpp */ = {isa = PBXFileReference; lastKnownFileType = sourcecode.cpp.h; path = features2d.hpp; sourceTree = "<group>"; };
		2FEE2C0C1C18EE2000B95FB8 /* gpu.hpp */ = {isa = PBXFileReference; lastKnownFileType = sourcecode.cpp.h; path = gpu.hpp; sourceTree = "<group>"; };
		2FEE2C0D1C18EE2000B95FB8 /* nonfree.hpp */ = {isa = PBXFileReference; lastKnownFileType = sourcecode.cpp.h; path = nonfree.hpp; sourceTree = "<group>"; };
		2FEE2C0E1C18EE2000B95FB8 /* ocl.hpp */ = {isa = PBXFileReference; lastKnownFileType = sourcecode.cpp.h; path = ocl.hpp; sourceTree = "<group>"; };
		2FEE2C101C18EE2000B95FB8 /* objdetect.hpp */ = {isa = PBXFileReference; lastKnownFileType = sourcecode.cpp.h; path = objdetect.hpp; sourceTree = "<group>"; };
		2FEE2C111C18EE2000B95FB8 /* opencv.hpp */ = {isa = PBXFileReference; lastKnownFileType = sourcecode.cpp.h; path = opencv.hpp; sourceTree = "<group>"; };
		2FEE2C121C18EE2000B95FB8 /* opencv_modules.hpp */ = {isa = PBXFileReference; lastKnownFileType = sourcecode.cpp.h; path = opencv_modules.hpp; sourceTree = "<group>"; };
		2FEE2C141C18EE2000B95FB8 /* photo.hpp */ = {isa = PBXFileReference; lastKnownFileType = sourcecode.cpp.h; path = photo.hpp; sourceTree = "<group>"; };
		2FEE2C151C18EE2000B95FB8 /* photo_c.h */ = {isa = PBXFileReference; lastKnownFileType = sourcecode.c.h; path = photo_c.h; sourceTree = "<group>"; };
		2FEE2C181C18EE2000B95FB8 /* autocalib.hpp */ = {isa = PBXFileReference; lastKnownFileType = sourcecode.cpp.h; path = autocalib.hpp; sourceTree = "<group>"; };
		2FEE2C191C18EE2000B95FB8 /* blenders.hpp */ = {isa = PBXFileReference; lastKnownFileType = sourcecode.cpp.h; path = blenders.hpp; sourceTree = "<group>"; };
		2FEE2C1A1C18EE2000B95FB8 /* camera.hpp */ = {isa = PBXFileReference; lastKnownFileType = sourcecode.cpp.h; path = camera.hpp; sourceTree = "<group>"; };
		2FEE2C1B1C18EE2000B95FB8 /* exposure_compensate.hpp */ = {isa = PBXFileReference; lastKnownFileType = sourcecode.cpp.h; path = exposure_compensate.hpp; sourceTree = "<group>"; };
		2FEE2C1C1C18EE2000B95FB8 /* matchers.hpp */ = {isa = PBXFileReference; lastKnownFileType = sourcecode.cpp.h; path = matchers.hpp; sourceTree = "<group>"; };
		2FEE2C1D1C18EE2000B95FB8 /* motion_estimators.hpp */ = {isa = PBXFileReference; lastKnownFileType = sourcecode.cpp.h; path = motion_estimators.hpp; sourceTree = "<group>"; };
		2FEE2C1E1C18EE2000B95FB8 /* seam_finders.hpp */ = {isa = PBXFileReference; lastKnownFileType = sourcecode.cpp.h; path = seam_finders.hpp; sourceTree = "<group>"; };
		2FEE2C1F1C18EE2000B95FB8 /* util.hpp */ = {isa = PBXFileReference; lastKnownFileType = sourcecode.cpp.h; path = util.hpp; sourceTree = "<group>"; };
		2FEE2C201C18EE2000B95FB8 /* util_inl.hpp */ = {isa = PBXFileReference; lastKnownFileType = sourcecode.cpp.h; path = util_inl.hpp; sourceTree = "<group>"; };
		2FEE2C211C18EE2000B95FB8 /* warpers.hpp */ = {isa = PBXFileReference; lastKnownFileType = sourcecode.cpp.h; path = warpers.hpp; sourceTree = "<group>"; };
		2FEE2C221C18EE2000B95FB8 /* warpers_inl.hpp */ = {isa = PBXFileReference; lastKnownFileType = sourcecode.cpp.h; path = warpers_inl.hpp; sourceTree = "<group>"; };
		2FEE2C231C18EE2000B95FB8 /* stitcher.hpp */ = {isa = PBXFileReference; lastKnownFileType = sourcecode.cpp.h; path = stitcher.hpp; sourceTree = "<group>"; };
		2FEE2C241C18EE2000B95FB8 /* warpers.hpp */ = {isa = PBXFileReference; lastKnownFileType = sourcecode.cpp.h; path = warpers.hpp; sourceTree = "<group>"; };
		2FEE2C261C18EE2000B95FB8 /* optical_flow.hpp */ = {isa = PBXFileReference; lastKnownFileType = sourcecode.cpp.h; path = optical_flow.hpp; sourceTree = "<group>"; };
		2FEE2C271C18EE2000B95FB8 /* superres.hpp */ = {isa = PBXFileReference; lastKnownFileType = sourcecode.cpp.h; path = superres.hpp; sourceTree = "<group>"; };
		2FEE2C291C18EE2000B95FB8 /* gpu_perf.hpp */ = {isa = PBXFileReference; lastKnownFileType = sourcecode.cpp.h; path = gpu_perf.hpp; sourceTree = "<group>"; };
		2FEE2C2A1C18EE2000B95FB8 /* gpu_test.hpp */ = {isa = PBXFileReference; lastKnownFileType = sourcecode.cpp.h; path = gpu_test.hpp; sourceTree = "<group>"; };
		2FEE2C2B1C18EE2000B95FB8 /* ts.hpp */ = {isa = PBXFileReference; lastKnownFileType = sourcecode.cpp.h; path = ts.hpp; sourceTree = "<group>"; };
		2FEE2C2C1C18EE2000B95FB8 /* ts_gtest.h */ = {isa = PBXFileReference; lastKnownFileType = sourcecode.c.h; path = ts_gtest.h; sourceTree = "<group>"; };
		2FEE2C2D1C18EE2000B95FB8 /* ts_perf.hpp */ = {isa = PBXFileReference; lastKnownFileType = sourcecode.cpp.h; path = ts_perf.hpp; sourceTree = "<group>"; };
		2FEE2C2F1C18EE2000B95FB8 /* background_segm.hpp */ = {isa = PBXFileReference; lastKnownFileType = sourcecode.cpp.h; path = background_segm.hpp; sourceTree = "<group>"; };
		2FEE2C301C18EE2000B95FB8 /* tracking.hpp */ = {isa = PBXFileReference; lastKnownFileType = sourcecode.cpp.h; path = tracking.hpp; sourceTree = "<group>"; };
		2FEE2C311C18EE2000B95FB8 /* video.hpp */ = {isa = PBXFileReference; lastKnownFileType = sourcecode.cpp.h; path = video.hpp; sourceTree = "<group>"; };
		2FEE2C331C18EE2000B95FB8 /* deblurring.hpp */ = {isa = PBXFileReference; lastKnownFileType = sourcecode.cpp.h; path = deblurring.hpp; sourceTree = "<group>"; };
		2FEE2C341C18EE2000B95FB8 /* fast_marching.hpp */ = {isa = PBXFileReference; lastKnownFileType = sourcecode.cpp.h; path = fast_marching.hpp; sourceTree = "<group>"; };
		2FEE2C351C18EE2000B95FB8 /* fast_marching_inl.hpp */ = {isa = PBXFileReference; lastKnownFileType = sourcecode.cpp.h; path = fast_marching_inl.hpp; sourceTree = "<group>"; };
		2FEE2C361C18EE2000B95FB8 /* frame_source.hpp */ = {isa = PBXFileReference; lastKnownFileType = sourcecode.cpp.h; path = frame_source.hpp; sourceTree = "<group>"; };
		2FEE2C371C18EE2000B95FB8 /* global_motion.hpp */ = {isa = PBXFileReference; lastKnownFileType = sourcecode.cpp.h; path = global_motion.hpp; sourceTree = "<group>"; };
		2FEE2C381C18EE2000B95FB8 /* inpainting.hpp */ = {isa = PBXFileReference; lastKnownFileType = sourcecode.cpp.h; path = inpainting.hpp; sourceTree = "<group>"; };
		2FEE2C391C18EE2000B95FB8 /* log.hpp */ = {isa = PBXFileReference; lastKnownFileType = sourcecode.cpp.h; path = log.hpp; sourceTree = "<group>"; };
		2FEE2C3A1C18EE2000B95FB8 /* motion_stabilizing.hpp */ = {isa = PBXFileReference; lastKnownFileType = sourcecode.cpp.h; path = motion_stabilizing.hpp; sourceTree = "<group>"; };
		2FEE2C3B1C18EE2000B95FB8 /* optical_flow.hpp */ = {isa = PBXFileReference; lastKnownFileType = sourcecode.cpp.h; path = optical_flow.hpp; sourceTree = "<group>"; };
		2FEE2C3C1C18EE2000B95FB8 /* stabilizer.hpp */ = {isa = PBXFileReference; lastKnownFileType = sourcecode.cpp.h; path = stabilizer.hpp; sourceTree = "<group>"; };
		2FEE2C3D1C18EE2000B95FB8 /* videostab.hpp */ = {isa = PBXFileReference; lastKnownFileType = sourcecode.cpp.h; path = videostab.hpp; sourceTree = "<group>"; };
		2FEE2C511C18EE2000B95FB8 /* opencv.a */ = {isa = PBXFileReference; lastKnownFileType = archive.ar; path = opencv.a; sourceTree = "<group>"; };
		2FEE2C531C18EE2000B95FB8 /* LICENSE */ = {isa = PBXFileReference; lastKnownFileType = text; path = LICENSE; sourceTree = "<group>"; };
		3175B69741F3AE805AD3F527 /* keep_alive.h */ = {isa = PBXFileReference; explicitFileType = sourcecode.c.h; fileEncoding = 30; name = keep_alive.h; path = ../../../addons/ofxKinect/libs/libfreenect/src/keep_alive.h; sourceTree = SOURCE_ROOT; };
		34FC4C582EA5ED68F36013CD /* audio.c */ = {isa = PBXFileReference; explicitFileType = sourcecode.c.c; fileEncoding = 30; name = audio.c; path = ../../../addons/ofxKinect/libs/libfreenect/src/audio.c; sourceTree = SOURCE_ROOT; };
		3CABCA8EA52D11C95F7A1309 /* registration.h */ = {isa = PBXFileReference; explicitFileType = sourcecode.c.h; fileEncoding = 30; name = registration.h; path = ../../../addons/ofxKinect/libs/libfreenect/src/registration.h; sourceTree = SOURCE_ROOT; };
		3DBD37876A11E46E4D7069B3 /* cameras.c */ = {isa = PBXFileReference; explicitFileType = sourcecode.c.c; fileEncoding = 30; name = cameras.c; path = ../../../addons/ofxKinect/libs/libfreenect/src/cameras.c; sourceTree = SOURCE_ROOT; };
		44EF97BDD915E758777A9A8C /* ofxKinect.h */ = {isa = PBXFileReference; explicitFileType = sourcecode.c.h; fileEncoding = 30; name = ofxKinect.h; path = ../../../addons/ofxKinect/src/ofxKinect.h; sourceTree = SOURCE_ROOT; };
		682082DEC78C75C8FB18B7DB /* flags.c */ = {isa = PBXFileReference; explicitFileType = sourcecode.c.c; fileEncoding = 30; name = flags.c; path = ../../../addons/ofxKinect/libs/libfreenect/src/flags.c; sourceTree = SOURCE_ROOT; };
		6F930947CA4BCA2665A4F4E8 /* libfreenect_audio.h */ = {isa = PBXFileReference; explicitFileType = sourcecode.c.h; fileEncoding = 30; name = libfreenect_audio.h; path = ../../../addons/ofxKinect/libs/libfreenect/include/libfreenect_audio.h; sourceTree = SOURCE_ROOT; };
		71958293AC5292DE4B7C619D /* registration.c */ = {isa = PBXFileReference; explicitFileType = sourcecode.c.c; fileEncoding = 30; name = registration.c; path = ../../../addons/ofxKinect/libs/libfreenect/src/registration.c; sourceTree = SOURCE_ROOT; };
		7ED9FFC7D08DA194C2CE7D09 /* ofxKinect.cpp */ = {isa = PBXFileReference; explicitFileType = sourcecode.cpp.cpp; fileEncoding = 30; name = ofxKinect.cpp; path = ../../../addons/ofxKinect/src/ofxKinect.cpp; sourceTree = SOURCE_ROOT; };
		83C70000C4AE60283CC77EB9 /* freenect_internal.h */ = {isa = PBXFileReference; explicitFileType = sourcecode.c.h; fileEncoding = 30; name = freenect_internal.h; path = ../../../addons/ofxKinect/libs/libfreenect/src/freenect_internal.h; sourceTree = SOURCE_ROOT; };
		8B25248CC7F2228B1CEF2EB1 /* libusb.h */ = {isa = PBXFileReference; explicitFileType = sourcecode.c.h; fileEncoding = 30; name = libusb.h; path = "../../../addons/ofxKinect/libs/libusb-1.0/include/libusb-1.0/libusb.h"; sourceTree = SOURCE_ROOT; };
		A3528DDFF05B00283552455D /* keep_alive.c */ = {isa = PBXFileReference; explicitFileType = sourcecode.c.c; fileEncoding = 30; name = keep_alive.c; path = ../../../addons/ofxKinect/libs/libfreenect/src/keep_alive.c; sourceTree = SOURCE_ROOT; };
		B4A0A006318C06E07DDF19D6 /* usb_libusb10.h */ = {isa = PBXFileReference; explicitFileType = sourcecode.c.h; fileEncoding = 30; name = usb_libusb10.h; path = ../../../addons/ofxKinect/libs/libfreenect/src/usb_libusb10.h; sourceTree = SOURCE_ROOT; };
		B8A2CBF3E24E6E5026B13A90 /* ofxBase3DVideo.h */ = {isa = PBXFileReference; explicitFileType = sourcecode.c.h; fileEncoding = 30; name = ofxBase3DVideo.h; path = ../../../addons/ofxKinect/src/ofxBase3DVideo.h; sourceTree = SOURCE_ROOT; };
		BF2F2AA872288D30F53983EF /* tilt.c */ = {isa = PBXFileReference; explicitFileType = sourcecode.c.c; fileEncoding = 30; name = tilt.c; path = ../../../addons/ofxKinect/libs/libfreenect/src/tilt.c; sourceTree = SOURCE_ROOT; };
		CF528C0E8DBFF5C31E8D6529 /* core.c */ = {isa = PBXFileReference; explicitFileType = sourcecode.c.c; fileEncoding = 30; name = core.c; path = ../../../addons/ofxKinect/libs/libfreenect/src/core.c; sourceTree = SOURCE_ROOT; };
		D097EE679E29AD7B5E2CDFCD /* flags.h */ = {isa = PBXFileReference; explicitFileType = sourcecode.c.h; fileEncoding = 30; name = flags.h; path = ../../../addons/ofxKinect/libs/libfreenect/src/flags.h; sourceTree = SOURCE_ROOT; };
		E4328143138ABC890047C5CB /* openFrameworksLib.xcodeproj */ = {isa = PBXFileReference; lastKnownFileType = "wrapper.pb-project"; name = openFrameworksLib.xcodeproj; path = ../../../libs/openFrameworksCompiled/project/osx/openFrameworksLib.xcodeproj; sourceTree = SOURCE_ROOT; };
		E4B69B5B0A3A1756003C02F2 /* tongueGame_tylerDebug.app */ = {isa = PBXFileReference; explicitFileType = wrapper.application; includeInIndex = 0; path = tongueGame_tylerDebug.app; sourceTree = BUILT_PRODUCTS_DIR; };
		E4B69E1D0A3A1BDC003C02F2 /* main.cpp */ = {isa = PBXFileReference; fileEncoding = 30; lastKnownFileType = sourcecode.cpp.cpp; name = main.cpp; path = src/main.cpp; sourceTree = SOURCE_ROOT; };
		E4B69E1E0A3A1BDC003C02F2 /* ofApp.cpp */ = {isa = PBXFileReference; explicitFileType = sourcecode.cpp.cpp; fileEncoding = 30; name = ofApp.cpp; path = src/ofApp.cpp; sourceTree = SOURCE_ROOT; };
		E4B69E1F0A3A1BDC003C02F2 /* ofApp.h */ = {isa = PBXFileReference; fileEncoding = 30; lastKnownFileType = sourcecode.c.h; name = ofApp.h; path = src/ofApp.h; sourceTree = SOURCE_ROOT; };
		E4B6FCAD0C3E899E008CF71C /* openFrameworks-Info.plist */ = {isa = PBXFileReference; fileEncoding = 30; lastKnownFileType = text.plist.xml; path = "openFrameworks-Info.plist"; sourceTree = "<group>"; };
		E4EB691F138AFCF100A09F29 /* CoreOF.xcconfig */ = {isa = PBXFileReference; fileEncoding = 4; lastKnownFileType = text.xcconfig; name = CoreOF.xcconfig; path = ../../../libs/openFrameworksCompiled/project/osx/CoreOF.xcconfig; sourceTree = SOURCE_ROOT; };
		E4EB6923138AFD0F00A09F29 /* Project.xcconfig */ = {isa = PBXFileReference; fileEncoding = 4; lastKnownFileType = text.xcconfig; path = Project.xcconfig; sourceTree = "<group>"; };
		E5F13FDAE691A5804F4D2DDB /* libfreenect.h */ = {isa = PBXFileReference; explicitFileType = sourcecode.c.h; fileEncoding = 30; name = libfreenect.h; path = ../../../addons/ofxKinect/libs/libfreenect/include/libfreenect.h; sourceTree = SOURCE_ROOT; };
		E62884AEE08652DCB3199A54 /* libfreenect_registration.h */ = {isa = PBXFileReference; explicitFileType = sourcecode.c.h; fileEncoding = 30; name = libfreenect_registration.h; path = ../../../addons/ofxKinect/libs/libfreenect/include/libfreenect_registration.h; sourceTree = SOURCE_ROOT; };
		FE25F20F363BC625B852BFBC /* loader.c */ = {isa = PBXFileReference; explicitFileType = sourcecode.c.c; fileEncoding = 30; name = loader.c; path = ../../../addons/ofxKinect/libs/libfreenect/src/loader.c; sourceTree = SOURCE_ROOT; };
/* End PBXFileReference section */

/* Begin PBXFrameworksBuildPhase section */
		E4B69B590A3A1756003C02F2 /* Frameworks */ = {
			isa = PBXFrameworksBuildPhase;
			buildActionMask = 2147483647;
			files = (
				2FEE2C5B1C18EE2000B95FB8 /* opencv.a in Frameworks */,
				E4328149138ABC9F0047C5CB /* openFrameworksDebug.a in Frameworks */,
			);
			runOnlyForDeploymentPostprocessing = 0;
		};
/* End PBXFrameworksBuildPhase section */

/* Begin PBXGroup section */
		1AE6862ED862CA18468E0CCD /* include */ = {
			isa = PBXGroup;
			children = (
				2C171637C399A50881F147E9 /* libusb-1.0 */,
			);
			name = include;
			sourceTree = "<group>";
		};
		2C171637C399A50881F147E9 /* libusb-1.0 */ = {
			isa = PBXGroup;
			children = (
				8B25248CC7F2228B1CEF2EB1 /* libusb.h */,
			);
			name = "libusb-1.0";
			sourceTree = "<group>";
		};
		2FEE2B721C18EE2000B95FB8 /* ofxOpenCv */ = {
			isa = PBXGroup;
			children = (
				2FEE2B731C18EE2000B95FB8 /* src */,
				2FEE2B851C18EE2000B95FB8 /* libs */,
			);
			name = ofxOpenCv;
			sourceTree = "<group>";
		};
		2FEE2B731C18EE2000B95FB8 /* src */ = {
			isa = PBXGroup;
			children = (
				2FEE2B741C18EE2000B95FB8 /* ofxCvBlob.h */,
				2FEE2B751C18EE2000B95FB8 /* ofxCvColorImage.cpp */,
				2FEE2B761C18EE2000B95FB8 /* ofxCvColorImage.h */,
				2FEE2B771C18EE2000B95FB8 /* ofxCvConstants.h */,
				2FEE2B781C18EE2000B95FB8 /* ofxCvContourFinder.cpp */,
				2FEE2B791C18EE2000B95FB8 /* ofxCvContourFinder.h */,
				2FEE2B7A1C18EE2000B95FB8 /* ofxCvFloatImage.cpp */,
				2FEE2B7B1C18EE2000B95FB8 /* ofxCvFloatImage.h */,
				2FEE2B7C1C18EE2000B95FB8 /* ofxCvGrayscaleImage.cpp */,
				2FEE2B7D1C18EE2000B95FB8 /* ofxCvGrayscaleImage.h */,
				2FEE2B7E1C18EE2000B95FB8 /* ofxCvHaarFinder.cpp */,
				2FEE2B7F1C18EE2000B95FB8 /* ofxCvHaarFinder.h */,
				2FEE2B801C18EE2000B95FB8 /* ofxCvImage.cpp */,
				2FEE2B811C18EE2000B95FB8 /* ofxCvImage.h */,
				2FEE2B821C18EE2000B95FB8 /* ofxCvShortImage.cpp */,
				2FEE2B831C18EE2000B95FB8 /* ofxCvShortImage.h */,
				2FEE2B841C18EE2000B95FB8 /* ofxOpenCv.h */,
			);
			name = src;
			path = ../../../addons/ofxOpenCv/src;
			sourceTree = "<group>";
		};
		2FEE2B851C18EE2000B95FB8 /* libs */ = {
			isa = PBXGroup;
			children = (
				2FEE2B861C18EE2000B95FB8 /* opencv */,
			);
			name = libs;
			path = ../../../addons/ofxOpenCv/libs;
			sourceTree = "<group>";
		};
		2FEE2B861C18EE2000B95FB8 /* opencv */ = {
			isa = PBXGroup;
			children = (
				2FEE2B871C18EE2000B95FB8 /* include */,
				2FEE2C3E1C18EE2000B95FB8 /* lib */,
				2FEE2C521C18EE2000B95FB8 /* license */,
			);
			path = opencv;
			sourceTree = "<group>";
		};
		2FEE2B871C18EE2000B95FB8 /* include */ = {
			isa = PBXGroup;
			children = (
				2FEE2B881C18EE2000B95FB8 /* opencv */,
				2FEE2B941C18EE2000B95FB8 /* opencv2 */,
			);
			path = include;
			sourceTree = "<group>";
		};
		2FEE2B881C18EE2000B95FB8 /* opencv */ = {
			isa = PBXGroup;
			children = (
				2FEE2B891C18EE2000B95FB8 /* cv.h */,
				2FEE2B8A1C18EE2000B95FB8 /* cv.hpp */,
				2FEE2B8B1C18EE2000B95FB8 /* cvaux.h */,
				2FEE2B8C1C18EE2000B95FB8 /* cvaux.hpp */,
				2FEE2B8D1C18EE2000B95FB8 /* cvwimage.h */,
				2FEE2B8E1C18EE2000B95FB8 /* cxcore.h */,
				2FEE2B8F1C18EE2000B95FB8 /* cxcore.hpp */,
				2FEE2B901C18EE2000B95FB8 /* cxeigen.hpp */,
				2FEE2B911C18EE2000B95FB8 /* cxmisc.h */,
				2FEE2B921C18EE2000B95FB8 /* highgui.h */,
				2FEE2B931C18EE2000B95FB8 /* ml.h */,
			);
			path = opencv;
			sourceTree = "<group>";
		};
		2FEE2B941C18EE2000B95FB8 /* opencv2 */ = {
			isa = PBXGroup;
			children = (
				2FEE2B951C18EE2000B95FB8 /* calib3d */,
				2FEE2B971C18EE2000B95FB8 /* contrib */,
				2FEE2B9D1C18EE2000B95FB8 /* core */,
				2FEE2BAD1C18EE2000B95FB8 /* features2d */,
				2FEE2BAF1C18EE2000B95FB8 /* flann */,
				2FEE2BD41C18EE2000B95FB8 /* gpu */,
				2FEE2BFA1C18EE2000B95FB8 /* highgui */,
				2FEE2BFF1C18EE2000B95FB8 /* imgproc */,
				2FEE2C031C18EE2000B95FB8 /* legacy */,
				2FEE2C081C18EE2000B95FB8 /* ml */,
				2FEE2C0A1C18EE2000B95FB8 /* nonfree */,
				2FEE2C0F1C18EE2000B95FB8 /* objdetect */,
				2FEE2C111C18EE2000B95FB8 /* opencv.hpp */,
				2FEE2C121C18EE2000B95FB8 /* opencv_modules.hpp */,
				2FEE2C131C18EE2000B95FB8 /* photo */,
				2FEE2C161C18EE2000B95FB8 /* stitching */,
				2FEE2C251C18EE2000B95FB8 /* superres */,
				2FEE2C281C18EE2000B95FB8 /* ts */,
				2FEE2C2E1C18EE2000B95FB8 /* video */,
				2FEE2C321C18EE2000B95FB8 /* videostab */,
			);
			path = opencv2;
			sourceTree = "<group>";
		};
		2FEE2B951C18EE2000B95FB8 /* calib3d */ = {
			isa = PBXGroup;
			children = (
				2FEE2B961C18EE2000B95FB8 /* calib3d.hpp */,
			);
			path = calib3d;
			sourceTree = "<group>";
		};
		2FEE2B971C18EE2000B95FB8 /* contrib */ = {
			isa = PBXGroup;
			children = (
				2FEE2B981C18EE2000B95FB8 /* contrib.hpp */,
				2FEE2B991C18EE2000B95FB8 /* detection_based_tracker.hpp */,
				2FEE2B9A1C18EE2000B95FB8 /* hybridtracker.hpp */,
				2FEE2B9B1C18EE2000B95FB8 /* openfabmap.hpp */,
				2FEE2B9C1C18EE2000B95FB8 /* retina.hpp */,
			);
			path = contrib;
			sourceTree = "<group>";
		};
		2FEE2B9D1C18EE2000B95FB8 /* core */ = {
			isa = PBXGroup;
			children = (
				2FEE2B9E1C18EE2000B95FB8 /* affine.hpp */,
				2FEE2B9F1C18EE2000B95FB8 /* core.hpp */,
				2FEE2BA01C18EE2000B95FB8 /* core_c.h */,
				2FEE2BA11C18EE2000B95FB8 /* cuda_devptrs.hpp */,
				2FEE2BA21C18EE2000B95FB8 /* devmem2d.hpp */,
				2FEE2BA31C18EE2000B95FB8 /* eigen.hpp */,
				2FEE2BA41C18EE2000B95FB8 /* gpumat.hpp */,
				2FEE2BA51C18EE2000B95FB8 /* internal.hpp */,
				2FEE2BA61C18EE2000B95FB8 /* mat.hpp */,
				2FEE2BA71C18EE2000B95FB8 /* opengl_interop.hpp */,
				2FEE2BA81C18EE2000B95FB8 /* opengl_interop_deprecated.hpp */,
				2FEE2BA91C18EE2000B95FB8 /* operations.hpp */,
				2FEE2BAA1C18EE2000B95FB8 /* types_c.h */,
				2FEE2BAB1C18EE2000B95FB8 /* version.hpp */,
				2FEE2BAC1C18EE2000B95FB8 /* wimage.hpp */,
			);
			path = core;
			sourceTree = "<group>";
		};
		2FEE2BAD1C18EE2000B95FB8 /* features2d */ = {
			isa = PBXGroup;
			children = (
				2FEE2BAE1C18EE2000B95FB8 /* features2d.hpp */,
			);
			path = features2d;
			sourceTree = "<group>";
		};
		2FEE2BAF1C18EE2000B95FB8 /* flann */ = {
			isa = PBXGroup;
			children = (
				2FEE2BB01C18EE2000B95FB8 /* all_indices.h */,
				2FEE2BB11C18EE2000B95FB8 /* allocator.h */,
				2FEE2BB21C18EE2000B95FB8 /* any.h */,
				2FEE2BB31C18EE2000B95FB8 /* autotuned_index.h */,
				2FEE2BB41C18EE2000B95FB8 /* composite_index.h */,
				2FEE2BB51C18EE2000B95FB8 /* config.h */,
				2FEE2BB61C18EE2000B95FB8 /* defines.h */,
				2FEE2BB71C18EE2000B95FB8 /* dist.h */,
				2FEE2BB81C18EE2000B95FB8 /* dummy.h */,
				2FEE2BB91C18EE2000B95FB8 /* dynamic_bitset.h */,
				2FEE2BBA1C18EE2000B95FB8 /* flann.hpp */,
				2FEE2BBB1C18EE2000B95FB8 /* flann_base.hpp */,
				2FEE2BBC1C18EE2000B95FB8 /* general.h */,
				2FEE2BBD1C18EE2000B95FB8 /* ground_truth.h */,
				2FEE2BBE1C18EE2000B95FB8 /* hdf5.h */,
				2FEE2BBF1C18EE2000B95FB8 /* heap.h */,
				2FEE2BC01C18EE2000B95FB8 /* hierarchical_clustering_index.h */,
				2FEE2BC11C18EE2000B95FB8 /* index_testing.h */,
				2FEE2BC21C18EE2000B95FB8 /* kdtree_index.h */,
				2FEE2BC31C18EE2000B95FB8 /* kdtree_single_index.h */,
				2FEE2BC41C18EE2000B95FB8 /* kmeans_index.h */,
				2FEE2BC51C18EE2000B95FB8 /* linear_index.h */,
				2FEE2BC61C18EE2000B95FB8 /* logger.h */,
				2FEE2BC71C18EE2000B95FB8 /* lsh_index.h */,
				2FEE2BC81C18EE2000B95FB8 /* lsh_table.h */,
				2FEE2BC91C18EE2000B95FB8 /* matrix.h */,
				2FEE2BCA1C18EE2000B95FB8 /* miniflann.hpp */,
				2FEE2BCB1C18EE2000B95FB8 /* nn_index.h */,
				2FEE2BCC1C18EE2000B95FB8 /* object_factory.h */,
				2FEE2BCD1C18EE2000B95FB8 /* params.h */,
				2FEE2BCE1C18EE2000B95FB8 /* random.h */,
				2FEE2BCF1C18EE2000B95FB8 /* result_set.h */,
				2FEE2BD01C18EE2000B95FB8 /* sampling.h */,
				2FEE2BD11C18EE2000B95FB8 /* saving.h */,
				2FEE2BD21C18EE2000B95FB8 /* simplex_downhill.h */,
				2FEE2BD31C18EE2000B95FB8 /* timer.h */,
			);
			path = flann;
			sourceTree = "<group>";
		};
		2FEE2BD41C18EE2000B95FB8 /* gpu */ = {
			isa = PBXGroup;
			children = (
				2FEE2BD51C18EE2000B95FB8 /* device */,
				2FEE2BF61C18EE2000B95FB8 /* devmem2d.hpp */,
				2FEE2BF71C18EE2000B95FB8 /* gpu.hpp */,
				2FEE2BF81C18EE2000B95FB8 /* gpumat.hpp */,
				2FEE2BF91C18EE2000B95FB8 /* stream_accessor.hpp */,
			);
			path = gpu;
			sourceTree = "<group>";
		};
		2FEE2BD51C18EE2000B95FB8 /* device */ = {
			isa = PBXGroup;
			children = (
				2FEE2BD61C18EE2000B95FB8 /* block.hpp */,
				2FEE2BD71C18EE2000B95FB8 /* border_interpolate.hpp */,
				2FEE2BD81C18EE2000B95FB8 /* color.hpp */,
				2FEE2BD91C18EE2000B95FB8 /* common.hpp */,
				2FEE2BDA1C18EE2000B95FB8 /* datamov_utils.hpp */,
				2FEE2BDB1C18EE2000B95FB8 /* detail */,
				2FEE2BE21C18EE2000B95FB8 /* dynamic_smem.hpp */,
				2FEE2BE31C18EE2000B95FB8 /* emulation.hpp */,
				2FEE2BE41C18EE2000B95FB8 /* filters.hpp */,
				2FEE2BE51C18EE2000B95FB8 /* funcattrib.hpp */,
				2FEE2BE61C18EE2000B95FB8 /* functional.hpp */,
				2FEE2BE71C18EE2000B95FB8 /* limits.hpp */,
				2FEE2BE81C18EE2000B95FB8 /* reduce.hpp */,
				2FEE2BE91C18EE2000B95FB8 /* saturate_cast.hpp */,
				2FEE2BEA1C18EE2000B95FB8 /* scan.hpp */,
				2FEE2BEB1C18EE2000B95FB8 /* simd_functions.hpp */,
				2FEE2BEC1C18EE2000B95FB8 /* static_check.hpp */,
				2FEE2BED1C18EE2000B95FB8 /* transform.hpp */,
				2FEE2BEE1C18EE2000B95FB8 /* type_traits.hpp */,
				2FEE2BEF1C18EE2000B95FB8 /* utility.hpp */,
				2FEE2BF01C18EE2000B95FB8 /* vec_distance.hpp */,
				2FEE2BF11C18EE2000B95FB8 /* vec_math.hpp */,
				2FEE2BF21C18EE2000B95FB8 /* vec_traits.hpp */,
				2FEE2BF31C18EE2000B95FB8 /* warp.hpp */,
				2FEE2BF41C18EE2000B95FB8 /* warp_reduce.hpp */,
				2FEE2BF51C18EE2000B95FB8 /* warp_shuffle.hpp */,
			);
			path = device;
			sourceTree = "<group>";
		};
		2FEE2BDB1C18EE2000B95FB8 /* detail */ = {
			isa = PBXGroup;
			children = (
				2FEE2BDC1C18EE2000B95FB8 /* color_detail.hpp */,
				2FEE2BDD1C18EE2000B95FB8 /* reduce.hpp */,
				2FEE2BDE1C18EE2000B95FB8 /* reduce_key_val.hpp */,
				2FEE2BDF1C18EE2000B95FB8 /* transform_detail.hpp */,
				2FEE2BE01C18EE2000B95FB8 /* type_traits_detail.hpp */,
				2FEE2BE11C18EE2000B95FB8 /* vec_distance_detail.hpp */,
			);
			path = detail;
			sourceTree = "<group>";
		};
		2FEE2BFA1C18EE2000B95FB8 /* highgui */ = {
			isa = PBXGroup;
			children = (
				2FEE2BFB1C18EE2000B95FB8 /* cap_ios.h */,
				2FEE2BFC1C18EE2000B95FB8 /* highgui.hpp */,
				2FEE2BFD1C18EE2000B95FB8 /* highgui_c.h */,
				2FEE2BFE1C18EE2000B95FB8 /* ios.h */,
			);
			path = highgui;
			sourceTree = "<group>";
		};
		2FEE2BFF1C18EE2000B95FB8 /* imgproc */ = {
			isa = PBXGroup;
			children = (
				2FEE2C001C18EE2000B95FB8 /* imgproc.hpp */,
				2FEE2C011C18EE2000B95FB8 /* imgproc_c.h */,
				2FEE2C021C18EE2000B95FB8 /* types_c.h */,
			);
			path = imgproc;
			sourceTree = "<group>";
		};
		2FEE2C031C18EE2000B95FB8 /* legacy */ = {
			isa = PBXGroup;
			children = (
				2FEE2C041C18EE2000B95FB8 /* blobtrack.hpp */,
				2FEE2C051C18EE2000B95FB8 /* compat.hpp */,
				2FEE2C061C18EE2000B95FB8 /* legacy.hpp */,
				2FEE2C071C18EE2000B95FB8 /* streams.hpp */,
			);
			path = legacy;
			sourceTree = "<group>";
		};
		2FEE2C081C18EE2000B95FB8 /* ml */ = {
			isa = PBXGroup;
			children = (
				2FEE2C091C18EE2000B95FB8 /* ml.hpp */,
			);
			path = ml;
			sourceTree = "<group>";
		};
		2FEE2C0A1C18EE2000B95FB8 /* nonfree */ = {
			isa = PBXGroup;
			children = (
				2FEE2C0B1C18EE2000B95FB8 /* features2d.hpp */,
				2FEE2C0C1C18EE2000B95FB8 /* gpu.hpp */,
				2FEE2C0D1C18EE2000B95FB8 /* nonfree.hpp */,
				2FEE2C0E1C18EE2000B95FB8 /* ocl.hpp */,
			);
			path = nonfree;
			sourceTree = "<group>";
		};
		2FEE2C0F1C18EE2000B95FB8 /* objdetect */ = {
			isa = PBXGroup;
			children = (
				2FEE2C101C18EE2000B95FB8 /* objdetect.hpp */,
			);
			path = objdetect;
			sourceTree = "<group>";
		};
		2FEE2C131C18EE2000B95FB8 /* photo */ = {
			isa = PBXGroup;
			children = (
				2FEE2C141C18EE2000B95FB8 /* photo.hpp */,
				2FEE2C151C18EE2000B95FB8 /* photo_c.h */,
			);
			path = photo;
			sourceTree = "<group>";
		};
		2FEE2C161C18EE2000B95FB8 /* stitching */ = {
			isa = PBXGroup;
			children = (
				2FEE2C171C18EE2000B95FB8 /* detail */,
				2FEE2C231C18EE2000B95FB8 /* stitcher.hpp */,
				2FEE2C241C18EE2000B95FB8 /* warpers.hpp */,
			);
			path = stitching;
			sourceTree = "<group>";
		};
		2FEE2C171C18EE2000B95FB8 /* detail */ = {
			isa = PBXGroup;
			children = (
				2FEE2C181C18EE2000B95FB8 /* autocalib.hpp */,
				2FEE2C191C18EE2000B95FB8 /* blenders.hpp */,
				2FEE2C1A1C18EE2000B95FB8 /* camera.hpp */,
				2FEE2C1B1C18EE2000B95FB8 /* exposure_compensate.hpp */,
				2FEE2C1C1C18EE2000B95FB8 /* matchers.hpp */,
				2FEE2C1D1C18EE2000B95FB8 /* motion_estimators.hpp */,
				2FEE2C1E1C18EE2000B95FB8 /* seam_finders.hpp */,
				2FEE2C1F1C18EE2000B95FB8 /* util.hpp */,
				2FEE2C201C18EE2000B95FB8 /* util_inl.hpp */,
				2FEE2C211C18EE2000B95FB8 /* warpers.hpp */,
				2FEE2C221C18EE2000B95FB8 /* warpers_inl.hpp */,
			);
			path = detail;
			sourceTree = "<group>";
		};
		2FEE2C251C18EE2000B95FB8 /* superres */ = {
			isa = PBXGroup;
			children = (
				2FEE2C261C18EE2000B95FB8 /* optical_flow.hpp */,
				2FEE2C271C18EE2000B95FB8 /* superres.hpp */,
			);
			path = superres;
			sourceTree = "<group>";
		};
		2FEE2C281C18EE2000B95FB8 /* ts */ = {
			isa = PBXGroup;
			children = (
				2FEE2C291C18EE2000B95FB8 /* gpu_perf.hpp */,
				2FEE2C2A1C18EE2000B95FB8 /* gpu_test.hpp */,
				2FEE2C2B1C18EE2000B95FB8 /* ts.hpp */,
				2FEE2C2C1C18EE2000B95FB8 /* ts_gtest.h */,
				2FEE2C2D1C18EE2000B95FB8 /* ts_perf.hpp */,
			);
			path = ts;
			sourceTree = "<group>";
		};
		2FEE2C2E1C18EE2000B95FB8 /* video */ = {
			isa = PBXGroup;
			children = (
				2FEE2C2F1C18EE2000B95FB8 /* background_segm.hpp */,
				2FEE2C301C18EE2000B95FB8 /* tracking.hpp */,
				2FEE2C311C18EE2000B95FB8 /* video.hpp */,
			);
			path = video;
			sourceTree = "<group>";
		};
		2FEE2C321C18EE2000B95FB8 /* videostab */ = {
			isa = PBXGroup;
			children = (
				2FEE2C331C18EE2000B95FB8 /* deblurring.hpp */,
				2FEE2C341C18EE2000B95FB8 /* fast_marching.hpp */,
				2FEE2C351C18EE2000B95FB8 /* fast_marching_inl.hpp */,
				2FEE2C361C18EE2000B95FB8 /* frame_source.hpp */,
				2FEE2C371C18EE2000B95FB8 /* global_motion.hpp */,
				2FEE2C381C18EE2000B95FB8 /* inpainting.hpp */,
				2FEE2C391C18EE2000B95FB8 /* log.hpp */,
				2FEE2C3A1C18EE2000B95FB8 /* motion_stabilizing.hpp */,
				2FEE2C3B1C18EE2000B95FB8 /* optical_flow.hpp */,
				2FEE2C3C1C18EE2000B95FB8 /* stabilizer.hpp */,
				2FEE2C3D1C18EE2000B95FB8 /* videostab.hpp */,
			);
			path = videostab;
			sourceTree = "<group>";
		};
		2FEE2C3E1C18EE2000B95FB8 /* lib */ = {
			isa = PBXGroup;
			children = (
				2FEE2C501C18EE2000B95FB8 /* osx */,
			);
			path = lib;
			sourceTree = "<group>";
		};
		2FEE2C501C18EE2000B95FB8 /* osx */ = {
			isa = PBXGroup;
			children = (
				2FEE2C511C18EE2000B95FB8 /* opencv.a */,
			);
			path = osx;
			sourceTree = "<group>";
		};
		2FEE2C521C18EE2000B95FB8 /* license */ = {
			isa = PBXGroup;
			children = (
				2FEE2C531C18EE2000B95FB8 /* LICENSE */,
			);
			path = license;
			sourceTree = "<group>";
		};
		32687044708CDA9EDA265387 /* libfreenect */ = {
			isa = PBXGroup;
			children = (
				6DFA2B327764FCDA2A8D882F /* include */,
				ED6E9BDB447DB965EE6F1FA6 /* src */,
			);
			name = libfreenect;
			sourceTree = "<group>";
		};
		65726280742CD54BF368BDB8 /* libusb-1.0 */ = {
			isa = PBXGroup;
			children = (
				1AE6862ED862CA18468E0CCD /* include */,
			);
			name = "libusb-1.0";
			sourceTree = "<group>";
		};
		6948EE371B920CB800B5AC1A /* local_addons */ = {
			isa = PBXGroup;
			children = (
			);
			name = local_addons;
			sourceTree = "<group>";
		};
		6DFA2B327764FCDA2A8D882F /* include */ = {
			isa = PBXGroup;
			children = (
				E5F13FDAE691A5804F4D2DDB /* libfreenect.h */,
				6F930947CA4BCA2665A4F4E8 /* libfreenect_audio.h */,
				E62884AEE08652DCB3199A54 /* libfreenect_registration.h */,
			);
			name = include;
			sourceTree = "<group>";
		};
		6E7134DE536888BE82D56327 /* extra */ = {
			isa = PBXGroup;
			children = (
				01438542609FC64F1EC60EEB /* ofxKinectExtras.cpp */,
				03A9E977F3814A55A4FA3B4E /* ofxKinectExtras.h */,
			);
			name = extra;
			sourceTree = "<group>";
		};
		9683228C705CA3FF4F2EA945 /* ofxKinect */ = {
			isa = PBXGroup;
			children = (
				F3D2DB7201EFA9F7958F421E /* src */,
				F4101FC676C210E28DCB3220 /* libs */,
			);
			name = ofxKinect;
			sourceTree = "<group>";
		};
		BB4B014C10F69532006C3DED /* addons */ = {
			isa = PBXGroup;
			children = (
				9683228C705CA3FF4F2EA945 /* ofxKinect */,
				2FEE2B721C18EE2000B95FB8 /* ofxOpenCv */,
			);
			name = addons;
			sourceTree = "<group>";
		};
		E4328144138ABC890047C5CB /* Products */ = {
			isa = PBXGroup;
			children = (
				E4328148138ABC890047C5CB /* openFrameworksDebug.a */,
			);
			name = Products;
			sourceTree = "<group>";
		};
		E4B69B4A0A3A1720003C02F2 = {
			isa = PBXGroup;
			children = (
				E4B6FCAD0C3E899E008CF71C /* openFrameworks-Info.plist */,
				E4EB6923138AFD0F00A09F29 /* Project.xcconfig */,
				E4B69E1C0A3A1BDC003C02F2 /* src */,
				E4EEC9E9138DF44700A80321 /* openFrameworks */,
				BB4B014C10F69532006C3DED /* addons */,
				6948EE371B920CB800B5AC1A /* local_addons */,
				E4B69B5B0A3A1756003C02F2 /* tongueGame_tylerDebug.app */,
			);
			sourceTree = "<group>";
		};
		E4B69E1C0A3A1BDC003C02F2 /* src */ = {
			isa = PBXGroup;
			children = (
				E4B69E1D0A3A1BDC003C02F2 /* main.cpp */,
				E4B69E1E0A3A1BDC003C02F2 /* ofApp.cpp */,
				E4B69E1F0A3A1BDC003C02F2 /* ofApp.h */,
				2FEE2B6D1C18E13C00B95FB8 /* Tongue.cpp */,
				2FEE2B6E1C18E13C00B95FB8 /* Tongue.hpp */,
				2F43B5B01C18CFD9004CD1DB /* Background.cpp */,
				2F43B5B11C18CFD9004CD1DB /* Background.h */,
				2F43B5B31C18CFE0004CD1DB /* IceCreamLevel.cpp */,
				2F43B5B41C18CFE0004CD1DB /* IceCreamLevel.h */,
				2F43B5B61C18CFE6004CD1DB /* Toppings.cpp */,
				2F43B5B71C18CFE6004CD1DB /* Toppings.h */,
				2F43B5B81C18CFE6004CD1DB /* UI.cpp */,
				2F43B5B91C18CFE6004CD1DB /* UI.h */,
			);
			path = src;
			sourceTree = SOURCE_ROOT;
		};
		E4EEC9E9138DF44700A80321 /* openFrameworks */ = {
			isa = PBXGroup;
			children = (
				E4EB691F138AFCF100A09F29 /* CoreOF.xcconfig */,
				E4328143138ABC890047C5CB /* openFrameworksLib.xcodeproj */,
			);
			name = openFrameworks;
			sourceTree = "<group>";
		};
		ED6E9BDB447DB965EE6F1FA6 /* src */ = {
			isa = PBXGroup;
			children = (
				34FC4C582EA5ED68F36013CD /* audio.c */,
				3DBD37876A11E46E4D7069B3 /* cameras.c */,
				241AAF7769D555E4ECD57E17 /* cameras.h */,
				CF528C0E8DBFF5C31E8D6529 /* core.c */,
				682082DEC78C75C8FB18B7DB /* flags.c */,
				D097EE679E29AD7B5E2CDFCD /* flags.h */,
				83C70000C4AE60283CC77EB9 /* freenect_internal.h */,
				A3528DDFF05B00283552455D /* keep_alive.c */,
				3175B69741F3AE805AD3F527 /* keep_alive.h */,
				FE25F20F363BC625B852BFBC /* loader.c */,
				093C9EBFCAB5D2649ACF4D0C /* loader.h */,
				71958293AC5292DE4B7C619D /* registration.c */,
				3CABCA8EA52D11C95F7A1309 /* registration.h */,
				BF2F2AA872288D30F53983EF /* tilt.c */,
				28F9707464BA3FF98E05096C /* usb_libusb10.c */,
				B4A0A006318C06E07DDF19D6 /* usb_libusb10.h */,
			);
			name = src;
			sourceTree = "<group>";
		};
		F3D2DB7201EFA9F7958F421E /* src */ = {
			isa = PBXGroup;
			children = (
				6E7134DE536888BE82D56327 /* extra */,
				B8A2CBF3E24E6E5026B13A90 /* ofxBase3DVideo.h */,
				7ED9FFC7D08DA194C2CE7D09 /* ofxKinect.cpp */,
				44EF97BDD915E758777A9A8C /* ofxKinect.h */,
			);
			name = src;
			sourceTree = "<group>";
		};
		F4101FC676C210E28DCB3220 /* libs */ = {
			isa = PBXGroup;
			children = (
				32687044708CDA9EDA265387 /* libfreenect */,
				65726280742CD54BF368BDB8 /* libusb-1.0 */,
			);
			name = libs;
			sourceTree = "<group>";
		};
/* End PBXGroup section */

/* Begin PBXNativeTarget section */
		E4B69B5A0A3A1756003C02F2 /* tongueGame_tyler */ = {
			isa = PBXNativeTarget;
			buildConfigurationList = E4B69B5F0A3A1757003C02F2 /* Build configuration list for PBXNativeTarget "tongueGame_tyler" */;
			buildPhases = (
				E4B69B580A3A1756003C02F2 /* Sources */,
				E4B69B590A3A1756003C02F2 /* Frameworks */,
				E4B6FFFD0C3F9AB9008CF71C /* ShellScript */,
				E4C2427710CC5ABF004149E2 /* CopyFiles */,
			);
			buildRules = (
			);
			dependencies = (
				E4EEB9AC138B136A00A80321 /* PBXTargetDependency */,
			);
			name = tongueGame_tyler;
			productName = myOFApp;
			productReference = E4B69B5B0A3A1756003C02F2 /* tongueGame_tylerDebug.app */;
			productType = "com.apple.product-type.application";
		};
/* End PBXNativeTarget section */

/* Begin PBXProject section */
		E4B69B4C0A3A1720003C02F2 /* Project object */ = {
			isa = PBXProject;
			attributes = {
				LastUpgradeCheck = 0600;
			};
			buildConfigurationList = E4B69B4D0A3A1720003C02F2 /* Build configuration list for PBXProject "tongueGame_tyler" */;
			compatibilityVersion = "Xcode 3.2";
			developmentRegion = English;
			hasScannedForEncodings = 0;
			knownRegions = (
				English,
				Japanese,
				French,
				German,
			);
			mainGroup = E4B69B4A0A3A1720003C02F2;
			productRefGroup = E4B69B4A0A3A1720003C02F2;
			projectDirPath = "";
			projectReferences = (
				{
					ProductGroup = E4328144138ABC890047C5CB /* Products */;
					ProjectRef = E4328143138ABC890047C5CB /* openFrameworksLib.xcodeproj */;
				},
			);
			projectRoot = "";
			targets = (
				E4B69B5A0A3A1756003C02F2 /* tongueGame_tyler */,
			);
		};
/* End PBXProject section */

/* Begin PBXReferenceProxy section */
		E4328148138ABC890047C5CB /* openFrameworksDebug.a */ = {
			isa = PBXReferenceProxy;
			fileType = archive.ar;
			path = openFrameworksDebug.a;
			remoteRef = E4328147138ABC890047C5CB /* PBXContainerItemProxy */;
			sourceTree = BUILT_PRODUCTS_DIR;
		};
/* End PBXReferenceProxy section */

/* Begin PBXShellScriptBuildPhase section */
		E4B6FFFD0C3F9AB9008CF71C /* ShellScript */ = {
			isa = PBXShellScriptBuildPhase;
			buildActionMask = 2147483647;
			files = (
			);
			inputPaths = (
			);
			outputPaths = (
			);
			runOnlyForDeploymentPostprocessing = 0;
			shellPath = /bin/sh;
			shellScript = "rsync -aved ../../../libs/fmodex/lib/osx/libfmodex.dylib \"$TARGET_BUILD_DIR/$PRODUCT_NAME.app/Contents/MacOS/\"; install_name_tool -change ./libfmodex.dylib @executable_path/libfmodex.dylib \"$TARGET_BUILD_DIR/$PRODUCT_NAME.app/Contents/MacOS/$PRODUCT_NAME\";\nmkdir -p \"$TARGET_BUILD_DIR/$PRODUCT_NAME.app/Contents/Resources/\"\nrsync -aved \"$ICON_FILE\" \"$TARGET_BUILD_DIR/$PRODUCT_NAME.app/Contents/Resources/\"\nrsync -aved ../../../libs/glut/lib/osx/GLUT.framework \"$TARGET_BUILD_DIR/$PRODUCT_NAME.app/Contents/Frameworks/\"\n";
		};
/* End PBXShellScriptBuildPhase section */

/* Begin PBXSourcesBuildPhase section */
		E4B69B580A3A1756003C02F2 /* Sources */ = {
			isa = PBXSourcesBuildPhase;
			buildActionMask = 2147483647;
			files = (
				E4B69E200A3A1BDC003C02F2 /* main.cpp in Sources */,
				2F43B5BA1C18CFE6004CD1DB /* Toppings.cpp in Sources */,
				2FEE2C581C18EE2000B95FB8 /* ofxCvHaarFinder.cpp in Sources */,
				E4B69E210A3A1BDC003C02F2 /* ofApp.cpp in Sources */,
				7ADB04AF67C568EAFAEBA546 /* ofxKinectExtras.cpp in Sources */,
				2F43B5BB1C18CFE6004CD1DB /* UI.cpp in Sources */,
				2FEE2C5A1C18EE2000B95FB8 /* ofxCvShortImage.cpp in Sources */,
				2FEE2B6F1C18E13C00B95FB8 /* Tongue.cpp in Sources */,
				686B0DF6249B52E1A85B39EC /* ofxKinect.cpp in Sources */,
				2FEE2C591C18EE2000B95FB8 /* ofxCvImage.cpp in Sources */,
				2FEE2C551C18EE2000B95FB8 /* ofxCvContourFinder.cpp in Sources */,
				0F8F016776681D468C0D0949 /* audio.c in Sources */,
				2FEE2C541C18EE2000B95FB8 /* ofxCvColorImage.cpp in Sources */,
				ACE7DC9A3223ED5EE1B80074 /* cameras.c in Sources */,
				F4135EEFC911E9ED211FB6F9 /* core.c in Sources */,
				2FEE2C561C18EE2000B95FB8 /* ofxCvFloatImage.cpp in Sources */,
				E55DEEF784A10419E444669E /* flags.c in Sources */,
				2FEE2C571C18EE2000B95FB8 /* ofxCvGrayscaleImage.cpp in Sources */,
				21A059755481CC0BF969FD2D /* keep_alive.c in Sources */,
				FCC16AB16073FF0581F50ED7 /* loader.c in Sources */,
				D31F5C1B140C59B2AF1533A8 /* registration.c in Sources */,
				49BEEB2DFA5319D55AA6899F /* tilt.c in Sources */,
				255A7B680DC81E543C875794 /* usb_libusb10.c in Sources */,
				2F43B5B51C18CFE0004CD1DB /* IceCreamLevel.cpp in Sources */,
				2F43B5B21C18CFD9004CD1DB /* Background.cpp in Sources */,
			);
			runOnlyForDeploymentPostprocessing = 0;
		};
/* End PBXSourcesBuildPhase section */

/* Begin PBXTargetDependency section */
		E4EEB9AC138B136A00A80321 /* PBXTargetDependency */ = {
			isa = PBXTargetDependency;
			name = openFrameworks;
			targetProxy = E4EEB9AB138B136A00A80321 /* PBXContainerItemProxy */;
		};
/* End PBXTargetDependency section */

/* Begin XCBuildConfiguration section */
		E4B69B4E0A3A1720003C02F2 /* Debug */ = {
			isa = XCBuildConfiguration;
			baseConfigurationReference = E4EB6923138AFD0F00A09F29 /* Project.xcconfig */;
			buildSettings = {
				CONFIGURATION_BUILD_DIR = "$(SRCROOT)/bin/";
				COPY_PHASE_STRIP = NO;
				DEAD_CODE_STRIPPING = YES;
				GCC_AUTO_VECTORIZATION = YES;
				GCC_ENABLE_SSE3_EXTENSIONS = YES;
				GCC_ENABLE_SUPPLEMENTAL_SSE3_INSTRUCTIONS = YES;
				GCC_INLINES_ARE_PRIVATE_EXTERN = NO;
				GCC_OPTIMIZATION_LEVEL = 0;
				GCC_SYMBOLS_PRIVATE_EXTERN = NO;
				GCC_WARN_ABOUT_DEPRECATED_FUNCTIONS = YES;
				GCC_WARN_ABOUT_INVALID_OFFSETOF_MACRO = NO;
				GCC_WARN_ALLOW_INCOMPLETE_PROTOCOL = NO;
				GCC_WARN_UNINITIALIZED_AUTOS = NO;
				GCC_WARN_UNUSED_VALUE = NO;
				GCC_WARN_UNUSED_VARIABLE = NO;
				HEADER_SEARCH_PATHS = (
					"$(OF_CORE_HEADERS)",
					../../../addons/ofxKinect/libs,
					../../../addons/ofxKinect/libs/libfreenect,
					../../../addons/ofxKinect/libs/libfreenect/include,
					../../../addons/ofxKinect/libs/libfreenect/platform,
					../../../addons/ofxKinect/libs/libfreenect/src,
					"../../../addons/ofxKinect/libs/libusb-1.0",
					"../../../addons/ofxKinect/libs/libusb-1.0/include",
					"../../../addons/ofxKinect/libs/libusb-1.0/include/libusb-1.0",
					"../../../addons/ofxKinect/libs/libusb-1.0/lib",
					"../../../addons/ofxKinect/libs/libusb-1.0/lib/osx",
					"../../../addons/ofxKinect/libs/libusb-win32",
					../../../addons/ofxKinect/src,
					../../../addons/ofxKinect/src/extra,
				);
				MACOSX_DEPLOYMENT_TARGET = 10.8;
				ONLY_ACTIVE_ARCH = YES;
				OTHER_CPLUSPLUSFLAGS = (
					"-D__MACOSX_CORE__",
					"-mtune=native",
				);
				OTHER_LDFLAGS = (
					"$(OF_CORE_FRAMEWORKS)",
					"$(OF_CORE_LIBS)",
					"../../../addons/ofxKinect/libs/libusb-1.0/lib/osx/usb-1.0.a",
				);
				SDKROOT = macosx;
			};
			name = Debug;
		};
		E4B69B4F0A3A1720003C02F2 /* Release */ = {
			isa = XCBuildConfiguration;
			baseConfigurationReference = E4EB6923138AFD0F00A09F29 /* Project.xcconfig */;
			buildSettings = {
				CONFIGURATION_BUILD_DIR = "$(SRCROOT)/bin/";
				COPY_PHASE_STRIP = YES;
				DEAD_CODE_STRIPPING = YES;
				GCC_AUTO_VECTORIZATION = YES;
				GCC_ENABLE_SSE3_EXTENSIONS = YES;
				GCC_ENABLE_SUPPLEMENTAL_SSE3_INSTRUCTIONS = YES;
				GCC_INLINES_ARE_PRIVATE_EXTERN = NO;
				GCC_OPTIMIZATION_LEVEL = 3;
				GCC_SYMBOLS_PRIVATE_EXTERN = NO;
				GCC_UNROLL_LOOPS = YES;
				GCC_WARN_ABOUT_DEPRECATED_FUNCTIONS = YES;
				GCC_WARN_ABOUT_INVALID_OFFSETOF_MACRO = NO;
				GCC_WARN_ALLOW_INCOMPLETE_PROTOCOL = NO;
				GCC_WARN_UNINITIALIZED_AUTOS = NO;
				GCC_WARN_UNUSED_VALUE = NO;
				GCC_WARN_UNUSED_VARIABLE = NO;
				HEADER_SEARCH_PATHS = (
					"$(OF_CORE_HEADERS)",
					../../../addons/ofxKinect/libs,
					../../../addons/ofxKinect/libs/libfreenect,
					../../../addons/ofxKinect/libs/libfreenect/include,
					../../../addons/ofxKinect/libs/libfreenect/platform,
					../../../addons/ofxKinect/libs/libfreenect/src,
					"../../../addons/ofxKinect/libs/libusb-1.0",
					"../../../addons/ofxKinect/libs/libusb-1.0/include",
					"../../../addons/ofxKinect/libs/libusb-1.0/include/libusb-1.0",
					"../../../addons/ofxKinect/libs/libusb-1.0/lib",
					"../../../addons/ofxKinect/libs/libusb-1.0/lib/osx",
					"../../../addons/ofxKinect/libs/libusb-win32",
					../../../addons/ofxKinect/src,
					../../../addons/ofxKinect/src/extra,
				);
				MACOSX_DEPLOYMENT_TARGET = 10.8;
				OTHER_CPLUSPLUSFLAGS = (
					"-D__MACOSX_CORE__",
					"-mtune=native",
				);
				OTHER_LDFLAGS = (
					"$(OF_CORE_FRAMEWORKS)",
					"$(OF_CORE_LIBS)",
					"../../../addons/ofxKinect/libs/libusb-1.0/lib/osx/usb-1.0.a",
				);
				SDKROOT = macosx;
			};
			name = Release;
		};
		E4B69B600A3A1757003C02F2 /* Debug */ = {
			isa = XCBuildConfiguration;
			baseConfigurationReference = E4EB6923138AFD0F00A09F29 /* Project.xcconfig */;
			buildSettings = {
				COMBINE_HIDPI_IMAGES = YES;
				COPY_PHASE_STRIP = NO;
				FRAMEWORK_SEARCH_PATHS = (
					"$(inherited)",
					"$(FRAMEWORK_SEARCH_PATHS_QUOTED_FOR_TARGET_1)",
				);
				FRAMEWORK_SEARCH_PATHS_QUOTED_FOR_TARGET_1 = "\"$(SRCROOT)/../../../libs/glut/lib/osx\"";
				GCC_DYNAMIC_NO_PIC = NO;
				GCC_GENERATE_DEBUGGING_SYMBOLS = YES;
				GCC_MODEL_TUNING = NONE;
				HEADER_SEARCH_PATHS = (
					"$(OF_CORE_HEADERS)",
					../../../addons/ofxKinect/libs,
					../../../addons/ofxKinect/libs/libfreenect,
					../../../addons/ofxKinect/libs/libfreenect/include,
					../../../addons/ofxKinect/libs/libfreenect/platform,
					../../../addons/ofxKinect/libs/libfreenect/src,
					"../../../addons/ofxKinect/libs/libusb-1.0",
					"../../../addons/ofxKinect/libs/libusb-1.0/include",
					"../../../addons/ofxKinect/libs/libusb-1.0/include/libusb-1.0",
					"../../../addons/ofxKinect/libs/libusb-1.0/lib",
					"../../../addons/ofxKinect/libs/libusb-1.0/lib/osx",
					"../../../addons/ofxKinect/libs/libusb-win32",
					../../../addons/ofxKinect/src,
					../../../addons/ofxKinect/src/extra,
				);
				ICON = "$(ICON_NAME_DEBUG)";
				ICON_FILE = "$(ICON_FILE_PATH)$(ICON)";
				INFOPLIST_FILE = "openFrameworks-Info.plist";
				INSTALL_PATH = "$(HOME)/Applications";
				LIBRARY_SEARCH_PATHS = "$(inherited)";
				OTHER_LDFLAGS = (
					"$(OF_CORE_FRAMEWORKS)",
					"$(OF_CORE_LIBS)",
					"../../../addons/ofxKinect/libs/libusb-1.0/lib/osx/usb-1.0.a",
				);
				PRODUCT_NAME = "$(TARGET_NAME)Debug";
				USER_HEADER_SEARCH_PATHS = ../../../addons/ofxOpenCv/libs/opencv/include/;
				WRAPPER_EXTENSION = app;
			};
			name = Debug;
		};
		E4B69B610A3A1757003C02F2 /* Release */ = {
			isa = XCBuildConfiguration;
			baseConfigurationReference = E4EB6923138AFD0F00A09F29 /* Project.xcconfig */;
			buildSettings = {
				COMBINE_HIDPI_IMAGES = YES;
				COPY_PHASE_STRIP = YES;
				FRAMEWORK_SEARCH_PATHS = (
					"$(inherited)",
					"$(FRAMEWORK_SEARCH_PATHS_QUOTED_FOR_TARGET_1)",
				);
				FRAMEWORK_SEARCH_PATHS_QUOTED_FOR_TARGET_1 = "\"$(SRCROOT)/../../../libs/glut/lib/osx\"";
				GCC_GENERATE_DEBUGGING_SYMBOLS = YES;
				GCC_MODEL_TUNING = NONE;
				HEADER_SEARCH_PATHS = (
					"$(OF_CORE_HEADERS)",
					../../../addons/ofxKinect/libs,
					../../../addons/ofxKinect/libs/libfreenect,
					../../../addons/ofxKinect/libs/libfreenect/include,
					../../../addons/ofxKinect/libs/libfreenect/platform,
					../../../addons/ofxKinect/libs/libfreenect/src,
					"../../../addons/ofxKinect/libs/libusb-1.0",
					"../../../addons/ofxKinect/libs/libusb-1.0/include",
					"../../../addons/ofxKinect/libs/libusb-1.0/include/libusb-1.0",
					"../../../addons/ofxKinect/libs/libusb-1.0/lib",
					"../../../addons/ofxKinect/libs/libusb-1.0/lib/osx",
					"../../../addons/ofxKinect/libs/libusb-win32",
					../../../addons/ofxKinect/src,
					../../../addons/ofxKinect/src/extra,
				);
				ICON = "$(ICON_NAME_RELEASE)";
				ICON_FILE = "$(ICON_FILE_PATH)$(ICON)";
				INFOPLIST_FILE = "openFrameworks-Info.plist";
				INSTALL_PATH = "$(HOME)/Applications";
				LIBRARY_SEARCH_PATHS = "$(inherited)";
				OTHER_LDFLAGS = (
					"$(OF_CORE_FRAMEWORKS)",
					"$(OF_CORE_LIBS)",
					"../../../addons/ofxKinect/libs/libusb-1.0/lib/osx/usb-1.0.a",
				);
				PRODUCT_NAME = "$(TARGET_NAME)";
				USER_HEADER_SEARCH_PATHS = ../../../addons/ofxOpenCv/libs/opencv/include/;
				WRAPPER_EXTENSION = app;
				baseConfigurationReference = E4EB6923138AFD0F00A09F29;
			};
			name = Release;
		};
/* End XCBuildConfiguration section */

/* Begin XCConfigurationList section */
		E4B69B4D0A3A1720003C02F2 /* Build configuration list for PBXProject "tongueGame_tyler" */ = {
			isa = XCConfigurationList;
			buildConfigurations = (
				E4B69B4E0A3A1720003C02F2 /* Debug */,
				E4B69B4F0A3A1720003C02F2 /* Release */,
			);
			defaultConfigurationIsVisible = 0;
			defaultConfigurationName = Release;
		};
		E4B69B5F0A3A1757003C02F2 /* Build configuration list for PBXNativeTarget "tongueGame_tyler" */ = {
			isa = XCConfigurationList;
			buildConfigurations = (
				E4B69B600A3A1757003C02F2 /* Debug */,
				E4B69B610A3A1757003C02F2 /* Release */,
			);
			defaultConfigurationIsVisible = 0;
			defaultConfigurationName = Release;
		};
/* End XCConfigurationList section */
	};
	rootObject = E4B69B4C0A3A1720003C02F2 /* Project object */;
}
